// !$*UTF8*$!
{
	archiveVersion = 1;
	classes = {
	};
	objectVersion = 56;
	objects = {

/* Begin PBXBuildFile section */
		462736CF98460C37B86AF294 /* Pods_Salla_TaskTests.framework in Frameworks */ = {isa = PBXBuildFile; fileRef = 8EB6EF87FDB6C261A4627CC2 /* Pods_Salla_TaskTests.framework */; };
		76A33BE29D97832A53C9E2CC /* Pods_Salla_Task_Salla_TaskUITests.framework in Frameworks */ = {isa = PBXBuildFile; fileRef = 7C7ABD175D0579B9EA58E9CC /* Pods_Salla_Task_Salla_TaskUITests.framework */; };
		A71D7AFE0712F87769F28C67 /* Pods_Salla_Task.framework in Frameworks */ = {isa = PBXBuildFile; fileRef = 024D1D8B1A924A477176BA8C /* Pods_Salla_Task.framework */; };
		B43A62182C8B5D920000932B /* ProductDetailsServiceTests.swift in Sources */ = {isa = PBXBuildFile; fileRef = B43A62172C8B5D920000932B /* ProductDetailsServiceTests.swift */; };
		B43A621A2C8B5E470000932B /* ProductDetailsMockResponse.json in Resources */ = {isa = PBXBuildFile; fileRef = B43A62192C8B5E470000932B /* ProductDetailsMockResponse.json */; };
		B43A621C2C8B5EB50000932B /* ProductDetailsRepositoryTests.swift in Sources */ = {isa = PBXBuildFile; fileRef = B43A621B2C8B5EB50000932B /* ProductDetailsRepositoryTests.swift */; };
		B43A621F2C8B5EE70000932B /* MockFailureProductDetailsService.swift in Sources */ = {isa = PBXBuildFile; fileRef = B43A621D2C8B5EE70000932B /* MockFailureProductDetailsService.swift */; };
		B43A62202C8B5EE70000932B /* MockValidProductDetailsService.swift in Sources */ = {isa = PBXBuildFile; fileRef = B43A621E2C8B5EE70000932B /* MockValidProductDetailsService.swift */; };
		B43A62222C8B62320000932B /* ProductDetailsUsecaseTests.swift in Sources */ = {isa = PBXBuildFile; fileRef = B43A62212C8B62320000932B /* ProductDetailsUsecaseTests.swift */; };
		B43A62242C8B63070000932B /* ProductDetailsViewModelTests.swift in Sources */ = {isa = PBXBuildFile; fileRef = B43A62232C8B63070000932B /* ProductDetailsViewModelTests.swift */; };
		B43A62262C8C89F80000932B /* Configuration.swift in Sources */ = {isa = PBXBuildFile; fileRef = B43A62252C8C89F80000932B /* Configuration.swift */; };
		B43A622B2C8C8A7A0000932B /* ConfigurationManager.swift in Sources */ = {isa = PBXBuildFile; fileRef = B43A622A2C8C8A7A0000932B /* ConfigurationManager.swift */; };
		B43A622D2C8C8ACB0000932B /* Developers.json in Resources */ = {isa = PBXBuildFile; fileRef = B43A622C2C8C8ACB0000932B /* Developers.json */; };
		B43A62302C8D846C0000932B /* ProductRealm.swift in Sources */ = {isa = PBXBuildFile; fileRef = B43A622F2C8D846C0000932B /* ProductRealm.swift */; };
		B43A62322C8D849E0000932B /* RealmManager.swift in Sources */ = {isa = PBXBuildFile; fileRef = B43A62312C8D849E0000932B /* RealmManager.swift */; };
		B4AE7F272C8907A100D9AFED /* Double.swift in Sources */ = {isa = PBXBuildFile; fileRef = B4AE7F262C8907A100D9AFED /* Double.swift */; };
		B4AE7F2B2C8909C000D9AFED /* dinnextltarabic-regular.ttf in Resources */ = {isa = PBXBuildFile; fileRef = B4AE7F292C8909C000D9AFED /* dinnextltarabic-regular.ttf */; };
		B4AE7F362C89B4E700D9AFED /* BrandDetailsRepositoryContract.swift in Sources */ = {isa = PBXBuildFile; fileRef = B4AE7F352C89B4E700D9AFED /* BrandDetailsRepositoryContract.swift */; };
		B4AE7F382C89B53F00D9AFED /* BrandDetailsServiceContract.swift in Sources */ = {isa = PBXBuildFile; fileRef = B4AE7F372C89B53F00D9AFED /* BrandDetailsServiceContract.swift */; };
		B4AE7F3A2C89B58E00D9AFED /* BrandDetailsUsecaseContract.swift in Sources */ = {isa = PBXBuildFile; fileRef = B4AE7F392C89B58E00D9AFED /* BrandDetailsUsecaseContract.swift */; };
		B4AE7F3C2C89B61000D9AFED /* BrandDetailsUsecase.swift in Sources */ = {isa = PBXBuildFile; fileRef = B4AE7F3B2C89B61000D9AFED /* BrandDetailsUsecase.swift */; };
		B4AE7F3E2C89B69D00D9AFED /* BrandDetailsRepository.swift in Sources */ = {isa = PBXBuildFile; fileRef = B4AE7F3D2C89B69D00D9AFED /* BrandDetailsRepository.swift */; };
		B4AE7F402C89B6DD00D9AFED /* BrandDetailsService.swift in Sources */ = {isa = PBXBuildFile; fileRef = B4AE7F3F2C89B6DD00D9AFED /* BrandDetailsService.swift */; };
		B4AE7F422C89B9B200D9AFED /* BrandDetailsRequest.swift in Sources */ = {isa = PBXBuildFile; fileRef = B4AE7F412C89B9B200D9AFED /* BrandDetailsRequest.swift */; };
		B4AE7F442C89BB5700D9AFED /* ProductView.swift in Sources */ = {isa = PBXBuildFile; fileRef = B4AE7F432C89BB5700D9AFED /* ProductView.swift */; };
		B4AE7F4C2C89D3A700D9AFED /* BrandDetailsServiceTest.swift in Sources */ = {isa = PBXBuildFile; fileRef = B4AE7F4B2C89D3A700D9AFED /* BrandDetailsServiceTest.swift */; };
		B4AE7F4E2C89D4FD00D9AFED /* MockAPIService.swift in Sources */ = {isa = PBXBuildFile; fileRef = B4AE7F4D2C89D4FD00D9AFED /* MockAPIService.swift */; };
		B4AE7F502C89D60C00D9AFED /* MockData.swift in Sources */ = {isa = PBXBuildFile; fileRef = B4AE7F4F2C89D60C00D9AFED /* MockData.swift */; };
		B4AE7F522C89E08D00D9AFED /* BrandDetailsMockResponse.json in Resources */ = {isa = PBXBuildFile; fileRef = B4AE7F512C89E08D00D9AFED /* BrandDetailsMockResponse.json */; };
		B4AE7F542C89E33D00D9AFED /* BrandDetailsRepositoryTests.swift in Sources */ = {isa = PBXBuildFile; fileRef = B4AE7F532C89E33D00D9AFED /* BrandDetailsRepositoryTests.swift */; };
		B4AE7F572C89E79900D9AFED /* MockValidBrandDetailsService.swift in Sources */ = {isa = PBXBuildFile; fileRef = B4AE7F562C89E79900D9AFED /* MockValidBrandDetailsService.swift */; };
		B4AE7F592C89E80D00D9AFED /* Publisher.swift in Sources */ = {isa = PBXBuildFile; fileRef = B4AE7F582C89E80D00D9AFED /* Publisher.swift */; };
		B4AE7F5B2C89E86800D9AFED /* MockFailureBrandDetailsService.swift in Sources */ = {isa = PBXBuildFile; fileRef = B4AE7F5A2C89E86800D9AFED /* MockFailureBrandDetailsService.swift */; };
		B4AE7F5E2C8A30C100D9AFED /* BrandDetailsUsecaseTetst.swift in Sources */ = {isa = PBXBuildFile; fileRef = B4AE7F5D2C8A30C100D9AFED /* BrandDetailsUsecaseTetst.swift */; };
		B4AE7F612C8A33EC00D9AFED /* BrandDetailsViewModelTests.swift in Sources */ = {isa = PBXBuildFile; fileRef = B4AE7F602C8A33EC00D9AFED /* BrandDetailsViewModelTests.swift */; };
		B4AE7F6D2C8B331C00D9AFED /* ProductDetailsView.swift in Sources */ = {isa = PBXBuildFile; fileRef = B4AE7F6C2C8B331C00D9AFED /* ProductDetailsView.swift */; };
		B4AE7F6F2C8B378C00D9AFED /* ProductDetailsViewModel.swift in Sources */ = {isa = PBXBuildFile; fileRef = B4AE7F6E2C8B378C00D9AFED /* ProductDetailsViewModel.swift */; };
		B4AE7F752C8B37ED00D9AFED /* ProductDetailsServiceContract.swift in Sources */ = {isa = PBXBuildFile; fileRef = B4AE7F742C8B37ED00D9AFED /* ProductDetailsServiceContract.swift */; };
		B4AE7F772C8B386100D9AFED /* ProductDetailsRepositoryContract.swift in Sources */ = {isa = PBXBuildFile; fileRef = B4AE7F762C8B386100D9AFED /* ProductDetailsRepositoryContract.swift */; };
		B4AE7F792C8B38A900D9AFED /* ProductDetailsUsecaseContract.swift in Sources */ = {isa = PBXBuildFile; fileRef = B4AE7F782C8B38A900D9AFED /* ProductDetailsUsecaseContract.swift */; };
		B4AE7F7B2C8B38FD00D9AFED /* ProdcutDetailsService.swift in Sources */ = {isa = PBXBuildFile; fileRef = B4AE7F7A2C8B38FD00D9AFED /* ProdcutDetailsService.swift */; };
		B4AE7F7D2C8B3ADE00D9AFED /* ProductDetailsRepository.swift in Sources */ = {isa = PBXBuildFile; fileRef = B4AE7F7C2C8B3ADE00D9AFED /* ProductDetailsRepository.swift */; };
		B4AE7F7F2C8B3B9900D9AFED /* ProductDetailsUsecase.swift in Sources */ = {isa = PBXBuildFile; fileRef = B4AE7F7E2C8B3B9900D9AFED /* ProductDetailsUsecase.swift */; };
		B4AE7F812C8B441500D9AFED /* ProductDetails.swift in Sources */ = {isa = PBXBuildFile; fileRef = B4AE7F802C8B441500D9AFED /* ProductDetails.swift */; };
		B4AE7F832C8B492C00D9AFED /* HeaderView.swift in Sources */ = {isa = PBXBuildFile; fileRef = B4AE7F822C8B492C00D9AFED /* HeaderView.swift */; };
		B4B1C63B2C88ECA000476C8B /* Salla_TaskApp.swift in Sources */ = {isa = PBXBuildFile; fileRef = B4B1C63A2C88ECA000476C8B /* Salla_TaskApp.swift */; };
		B4B1C63D2C88ECA000476C8B /* ContentView.swift in Sources */ = {isa = PBXBuildFile; fileRef = B4B1C63C2C88ECA000476C8B /* ContentView.swift */; };
		B4B1C63F2C88ECA200476C8B /* Assets.xcassets in Resources */ = {isa = PBXBuildFile; fileRef = B4B1C63E2C88ECA200476C8B /* Assets.xcassets */; };
		B4B1C6422C88ECA200476C8B /* Preview Assets.xcassets in Resources */ = {isa = PBXBuildFile; fileRef = B4B1C6412C88ECA200476C8B /* Preview Assets.xcassets */; };
		B4B1C6562C88ECA200476C8B /* Salla_TaskUITests.swift in Sources */ = {isa = PBXBuildFile; fileRef = B4B1C6552C88ECA200476C8B /* Salla_TaskUITests.swift */; };
		B4B1C6582C88ECA200476C8B /* Salla_TaskUITestsLaunchTests.swift in Sources */ = {isa = PBXBuildFile; fileRef = B4B1C6572C88ECA200476C8B /* Salla_TaskUITestsLaunchTests.swift */; };
		B4B1C7292C88ED1000476C8B /* Color.swift in Sources */ = {isa = PBXBuildFile; fileRef = B4B1C69D2C88ED1000476C8B /* Color.swift */; };
		B4B1C72A2C88ED1000476C8B /* Date.swift in Sources */ = {isa = PBXBuildFile; fileRef = B4B1C69E2C88ED1000476C8B /* Date.swift */; };
		B4B1C72B2C88ED1000476C8B /* UIFont.swift in Sources */ = {isa = PBXBuildFile; fileRef = B4B1C69F2C88ED1000476C8B /* UIFont.swift */; };
		B4B1C72C2C88ED1000476C8B /* BaseResponse.swift in Sources */ = {isa = PBXBuildFile; fileRef = B4B1C6A12C88ED1000476C8B /* BaseResponse.swift */; };
		B4B1C72E2C88ED1000476C8B /* BaseViewModel.swift in Sources */ = {isa = PBXBuildFile; fileRef = B4B1C6A32C88ED1000476C8B /* BaseViewModel.swift */; };
		B4B1C72F2C88ED1000476C8B /* EncodableExtension.swift in Sources */ = {isa = PBXBuildFile; fileRef = B4B1C6A52C88ED1000476C8B /* EncodableExtension.swift */; };
		B4B1C7302C88ED1000476C8B /* APIConstants.swift in Sources */ = {isa = PBXBuildFile; fileRef = B4B1C6A72C88ED1000476C8B /* APIConstants.swift */; };
		B4B1C7332C88ED1000476C8B /* NetworkConstants.swift in Sources */ = {isa = PBXBuildFile; fileRef = B4B1C6AA2C88ED1000476C8B /* NetworkConstants.swift */; };
		B4B1C7342C88ED1000476C8B /* String+Helpers.swift in Sources */ = {isa = PBXBuildFile; fileRef = B4B1C6AC2C88ED1000476C8B /* String+Helpers.swift */; };
		B4B1C7352C88ED1000476C8B /* CachingModel.swift in Sources */ = {isa = PBXBuildFile; fileRef = B4B1C6AE2C88ED1000476C8B /* CachingModel.swift */; };
		B4B1C7362C88ED1000476C8B /* BaseError.swift in Sources */ = {isa = PBXBuildFile; fileRef = B4B1C6B02C88ED1000476C8B /* BaseError.swift */; };
		B4B1C7372C88ED1000476C8B /* ErrorType.swift in Sources */ = {isa = PBXBuildFile; fileRef = B4B1C6B22C88ED1000476C8B /* ErrorType.swift */; };
		B4B1C7382C88ED1000476C8B /* ErrorType+Code.swift in Sources */ = {isa = PBXBuildFile; fileRef = B4B1C6B32C88ED1000476C8B /* ErrorType+Code.swift */; };
		B4B1C7392C88ED1000476C8B /* ErrorType+Icon.swift in Sources */ = {isa = PBXBuildFile; fileRef = B4B1C6B42C88ED1000476C8B /* ErrorType+Icon.swift */; };
		B4B1C73A2C88ED1000476C8B /* ErrorType+Message.swift in Sources */ = {isa = PBXBuildFile; fileRef = B4B1C6B52C88ED1000476C8B /* ErrorType+Message.swift */; };
		B4B1C73B2C88ED1000476C8B /* ErrorType+Priority.swift in Sources */ = {isa = PBXBuildFile; fileRef = B4B1C6B62C88ED1000476C8B /* ErrorType+Priority.swift */; };
		B4B1C73C2C88ED1000476C8B /* ErrorType+Style.swift in Sources */ = {isa = PBXBuildFile; fileRef = B4B1C6B72C88ED1000476C8B /* ErrorType+Style.swift */; };
		B4B1C73D2C88ED1000476C8B /* ErrorType+Title.swift in Sources */ = {isa = PBXBuildFile; fileRef = B4B1C6B82C88ED1000476C8B /* ErrorType+Title.swift */; };
		B4B1C73E2C88ED1000476C8B /* ErrorPriority.swift in Sources */ = {isa = PBXBuildFile; fileRef = B4B1C6BA2C88ED1000476C8B /* ErrorPriority.swift */; };
		B4B1C73F2C88ED1000476C8B /* ErrorResolver.swift in Sources */ = {isa = PBXBuildFile; fileRef = B4B1C6BB2C88ED1000476C8B /* ErrorResolver.swift */; };
		B4B1C7402C88ED1000476C8B /* ErrorStyle.swift in Sources */ = {isa = PBXBuildFile; fileRef = B4B1C6BC2C88ED1000476C8B /* ErrorStyle.swift */; };
		B4B1C7412C88ED1000476C8B /* APIBuilder.swift in Sources */ = {isa = PBXBuildFile; fileRef = B4B1C6BF2C88ED1000476C8B /* APIBuilder.swift */; };
		B4B1C7422C88ED1000476C8B /* NetworkContentType.swift in Sources */ = {isa = PBXBuildFile; fileRef = B4B1C6C12C88ED1000476C8B /* NetworkContentType.swift */; };
		B4B1C7432C88ED1000476C8B /* NetworkHeaders.swift in Sources */ = {isa = PBXBuildFile; fileRef = B4B1C6C22C88ED1000476C8B /* NetworkHeaders.swift */; };
		B4B1C7442C88ED1000476C8B /* NetworkMethods.swift in Sources */ = {isa = PBXBuildFile; fileRef = B4B1C6C32C88ED1000476C8B /* NetworkMethods.swift */; };
		B4B1C7452C88ED1000476C8B /* NetworkParameters.swift in Sources */ = {isa = PBXBuildFile; fileRef = B4B1C6C42C88ED1000476C8B /* NetworkParameters.swift */; };
		B4B1C7462C88ED1000476C8B /* APIService.swift in Sources */ = {isa = PBXBuildFile; fileRef = B4B1C6C62C88ED1000476C8B /* APIService.swift */; };
		B4B1C7472C88ED1000476C8B /* APIServiceContract.swift in Sources */ = {isa = PBXBuildFile; fileRef = B4B1C6C72C88ED1000476C8B /* APIServiceContract.swift */; };
		B4B1C7572C88ED1000476C8B /* View+Helpers.swift in Sources */ = {isa = PBXBuildFile; fileRef = B4B1C6DE2C88ED1000476C8B /* View+Helpers.swift */; };
		B4B1C76F2C88EEFB00476C8B /* BrandDetailsView.swift in Sources */ = {isa = PBXBuildFile; fileRef = B4B1C76E2C88EEFB00476C8B /* BrandDetailsView.swift */; };
		B4B1C7712C88EF0C00476C8B /* BrandDetailsViewModel.swift in Sources */ = {isa = PBXBuildFile; fileRef = B4B1C7702C88EF0C00476C8B /* BrandDetailsViewModel.swift */; };
		B4B1C7792C88F1C700476C8B /* Product.swift in Sources */ = {isa = PBXBuildFile; fileRef = B4B1C7782C88F1C700476C8B /* Product.swift */; };
		B4B1C77B2C88F1E400476C8B /* Currency.swift in Sources */ = {isa = PBXBuildFile; fileRef = B4B1C77A2C88F1E400476C8B /* Currency.swift */; };
		B4B1C77D2C88F20300476C8B /* ImageModel.swift in Sources */ = {isa = PBXBuildFile; fileRef = B4B1C77C2C88F20300476C8B /* ImageModel.swift */; };
		B4C969DE2C8E1DE7003348D1 /* NetworkMonitor.swift in Sources */ = {isa = PBXBuildFile; fileRef = B4C969DD2C8E1DE7003348D1 /* NetworkMonitor.swift */; };
		B4C969E02C8E1FD0003348D1 /* RealmManagerContract.swift in Sources */ = {isa = PBXBuildFile; fileRef = B4C969DF2C8E1FD0003348D1 /* RealmManagerContract.swift */; };
/* End PBXBuildFile section */

/* Begin PBXContainerItemProxy section */
		B4B1C6482C88ECA200476C8B /* PBXContainerItemProxy */ = {
			isa = PBXContainerItemProxy;
			containerPortal = B4B1C62F2C88ECA000476C8B /* Project object */;
			proxyType = 1;
			remoteGlobalIDString = B4B1C6362C88ECA000476C8B;
			remoteInfo = "Salla-Task";
		};
		B4B1C6522C88ECA200476C8B /* PBXContainerItemProxy */ = {
			isa = PBXContainerItemProxy;
			containerPortal = B4B1C62F2C88ECA000476C8B /* Project object */;
			proxyType = 1;
			remoteGlobalIDString = B4B1C6362C88ECA000476C8B;
			remoteInfo = "Salla-Task";
		};
/* End PBXContainerItemProxy section */

/* Begin PBXFileReference section */
		024D1D8B1A924A477176BA8C /* Pods_Salla_Task.framework */ = {isa = PBXFileReference; explicitFileType = wrapper.framework; includeInIndex = 0; path = Pods_Salla_Task.framework; sourceTree = BUILT_PRODUCTS_DIR; };
		7C7ABD175D0579B9EA58E9CC /* Pods_Salla_Task_Salla_TaskUITests.framework */ = {isa = PBXFileReference; explicitFileType = wrapper.framework; includeInIndex = 0; path = Pods_Salla_Task_Salla_TaskUITests.framework; sourceTree = BUILT_PRODUCTS_DIR; };
		8B998EE0111EEA7D7D50172D /* Pods-Salla-TaskTests.debug.xcconfig */ = {isa = PBXFileReference; includeInIndex = 1; lastKnownFileType = text.xcconfig; name = "Pods-Salla-TaskTests.debug.xcconfig"; path = "Target Support Files/Pods-Salla-TaskTests/Pods-Salla-TaskTests.debug.xcconfig"; sourceTree = "<group>"; };
		8EB6EF87FDB6C261A4627CC2 /* Pods_Salla_TaskTests.framework */ = {isa = PBXFileReference; explicitFileType = wrapper.framework; includeInIndex = 0; path = Pods_Salla_TaskTests.framework; sourceTree = BUILT_PRODUCTS_DIR; };
		987DD92D0D1D6EB607CB805E /* Pods-Salla-TaskTests.release.xcconfig */ = {isa = PBXFileReference; includeInIndex = 1; lastKnownFileType = text.xcconfig; name = "Pods-Salla-TaskTests.release.xcconfig"; path = "Target Support Files/Pods-Salla-TaskTests/Pods-Salla-TaskTests.release.xcconfig"; sourceTree = "<group>"; };
		B43A62172C8B5D920000932B /* ProductDetailsServiceTests.swift */ = {isa = PBXFileReference; lastKnownFileType = sourcecode.swift; path = ProductDetailsServiceTests.swift; sourceTree = "<group>"; };
		B43A62192C8B5E470000932B /* ProductDetailsMockResponse.json */ = {isa = PBXFileReference; fileEncoding = 4; lastKnownFileType = text.json; path = ProductDetailsMockResponse.json; sourceTree = "<group>"; };
		B43A621B2C8B5EB50000932B /* ProductDetailsRepositoryTests.swift */ = {isa = PBXFileReference; lastKnownFileType = sourcecode.swift; path = ProductDetailsRepositoryTests.swift; sourceTree = "<group>"; };
		B43A621D2C8B5EE70000932B /* MockFailureProductDetailsService.swift */ = {isa = PBXFileReference; fileEncoding = 4; lastKnownFileType = sourcecode.swift; path = MockFailureProductDetailsService.swift; sourceTree = "<group>"; };
		B43A621E2C8B5EE70000932B /* MockValidProductDetailsService.swift */ = {isa = PBXFileReference; fileEncoding = 4; lastKnownFileType = sourcecode.swift; path = MockValidProductDetailsService.swift; sourceTree = "<group>"; };
		B43A62212C8B62320000932B /* ProductDetailsUsecaseTests.swift */ = {isa = PBXFileReference; lastKnownFileType = sourcecode.swift; path = ProductDetailsUsecaseTests.swift; sourceTree = "<group>"; };
		B43A62232C8B63070000932B /* ProductDetailsViewModelTests.swift */ = {isa = PBXFileReference; lastKnownFileType = sourcecode.swift; path = ProductDetailsViewModelTests.swift; sourceTree = "<group>"; };
		B43A62252C8C89F80000932B /* Configuration.swift */ = {isa = PBXFileReference; lastKnownFileType = sourcecode.swift; path = Configuration.swift; sourceTree = "<group>"; };
		B43A622A2C8C8A7A0000932B /* ConfigurationManager.swift */ = {isa = PBXFileReference; lastKnownFileType = sourcecode.swift; path = ConfigurationManager.swift; sourceTree = "<group>"; };
		B43A622C2C8C8ACB0000932B /* Developers.json */ = {isa = PBXFileReference; fileEncoding = 4; lastKnownFileType = text.json; path = Developers.json; sourceTree = "<group>"; };
		B43A622F2C8D846C0000932B /* ProductRealm.swift */ = {isa = PBXFileReference; lastKnownFileType = sourcecode.swift; path = ProductRealm.swift; sourceTree = "<group>"; };
		B43A62312C8D849E0000932B /* RealmManager.swift */ = {isa = PBXFileReference; lastKnownFileType = sourcecode.swift; path = RealmManager.swift; sourceTree = "<group>"; };
		B49589409BFE529D6664E23F /* Pods-Salla-Task-Salla-TaskUITests.debug.xcconfig */ = {isa = PBXFileReference; includeInIndex = 1; lastKnownFileType = text.xcconfig; name = "Pods-Salla-Task-Salla-TaskUITests.debug.xcconfig"; path = "Target Support Files/Pods-Salla-Task-Salla-TaskUITests/Pods-Salla-Task-Salla-TaskUITests.debug.xcconfig"; sourceTree = "<group>"; };
		B4AE7F262C8907A100D9AFED /* Double.swift */ = {isa = PBXFileReference; lastKnownFileType = sourcecode.swift; path = Double.swift; sourceTree = "<group>"; };
		B4AE7F292C8909C000D9AFED /* dinnextltarabic-regular.ttf */ = {isa = PBXFileReference; lastKnownFileType = file; path = "dinnextltarabic-regular.ttf"; sourceTree = "<group>"; };
		B4AE7F2D2C890AB600D9AFED /* Info.plist */ = {isa = PBXFileReference; lastKnownFileType = text.plist; path = Info.plist; sourceTree = "<group>"; };
		B4AE7F352C89B4E700D9AFED /* BrandDetailsRepositoryContract.swift */ = {isa = PBXFileReference; lastKnownFileType = sourcecode.swift; path = BrandDetailsRepositoryContract.swift; sourceTree = "<group>"; };
		B4AE7F372C89B53F00D9AFED /* BrandDetailsServiceContract.swift */ = {isa = PBXFileReference; lastKnownFileType = sourcecode.swift; path = BrandDetailsServiceContract.swift; sourceTree = "<group>"; };
		B4AE7F392C89B58E00D9AFED /* BrandDetailsUsecaseContract.swift */ = {isa = PBXFileReference; lastKnownFileType = sourcecode.swift; path = BrandDetailsUsecaseContract.swift; sourceTree = "<group>"; };
		B4AE7F3B2C89B61000D9AFED /* BrandDetailsUsecase.swift */ = {isa = PBXFileReference; lastKnownFileType = sourcecode.swift; path = BrandDetailsUsecase.swift; sourceTree = "<group>"; };
		B4AE7F3D2C89B69D00D9AFED /* BrandDetailsRepository.swift */ = {isa = PBXFileReference; lastKnownFileType = sourcecode.swift; path = BrandDetailsRepository.swift; sourceTree = "<group>"; };
		B4AE7F3F2C89B6DD00D9AFED /* BrandDetailsService.swift */ = {isa = PBXFileReference; lastKnownFileType = sourcecode.swift; path = BrandDetailsService.swift; sourceTree = "<group>"; };
		B4AE7F412C89B9B200D9AFED /* BrandDetailsRequest.swift */ = {isa = PBXFileReference; lastKnownFileType = sourcecode.swift; path = BrandDetailsRequest.swift; sourceTree = "<group>"; };
		B4AE7F432C89BB5700D9AFED /* ProductView.swift */ = {isa = PBXFileReference; lastKnownFileType = sourcecode.swift; path = ProductView.swift; sourceTree = "<group>"; };
		B4AE7F4B2C89D3A700D9AFED /* BrandDetailsServiceTest.swift */ = {isa = PBXFileReference; lastKnownFileType = sourcecode.swift; path = BrandDetailsServiceTest.swift; sourceTree = "<group>"; };
		B4AE7F4D2C89D4FD00D9AFED /* MockAPIService.swift */ = {isa = PBXFileReference; fileEncoding = 4; lastKnownFileType = sourcecode.swift; path = MockAPIService.swift; sourceTree = "<group>"; };
		B4AE7F4F2C89D60C00D9AFED /* MockData.swift */ = {isa = PBXFileReference; fileEncoding = 4; lastKnownFileType = sourcecode.swift; path = MockData.swift; sourceTree = "<group>"; };
		B4AE7F512C89E08D00D9AFED /* BrandDetailsMockResponse.json */ = {isa = PBXFileReference; fileEncoding = 4; lastKnownFileType = text.json; path = BrandDetailsMockResponse.json; sourceTree = "<group>"; };
		B4AE7F532C89E33D00D9AFED /* BrandDetailsRepositoryTests.swift */ = {isa = PBXFileReference; lastKnownFileType = sourcecode.swift; path = BrandDetailsRepositoryTests.swift; sourceTree = "<group>"; };
		B4AE7F562C89E79900D9AFED /* MockValidBrandDetailsService.swift */ = {isa = PBXFileReference; lastKnownFileType = sourcecode.swift; path = MockValidBrandDetailsService.swift; sourceTree = "<group>"; };
		B4AE7F582C89E80D00D9AFED /* Publisher.swift */ = {isa = PBXFileReference; lastKnownFileType = sourcecode.swift; path = Publisher.swift; sourceTree = "<group>"; };
		B4AE7F5A2C89E86800D9AFED /* MockFailureBrandDetailsService.swift */ = {isa = PBXFileReference; lastKnownFileType = sourcecode.swift; path = MockFailureBrandDetailsService.swift; sourceTree = "<group>"; };
		B4AE7F5D2C8A30C100D9AFED /* BrandDetailsUsecaseTetst.swift */ = {isa = PBXFileReference; lastKnownFileType = sourcecode.swift; path = BrandDetailsUsecaseTetst.swift; sourceTree = "<group>"; };
		B4AE7F602C8A33EC00D9AFED /* BrandDetailsViewModelTests.swift */ = {isa = PBXFileReference; lastKnownFileType = sourcecode.swift; path = BrandDetailsViewModelTests.swift; sourceTree = "<group>"; };
		B4AE7F6C2C8B331C00D9AFED /* ProductDetailsView.swift */ = {isa = PBXFileReference; lastKnownFileType = sourcecode.swift; path = ProductDetailsView.swift; sourceTree = "<group>"; };
		B4AE7F6E2C8B378C00D9AFED /* ProductDetailsViewModel.swift */ = {isa = PBXFileReference; lastKnownFileType = sourcecode.swift; path = ProductDetailsViewModel.swift; sourceTree = "<group>"; };
		B4AE7F742C8B37ED00D9AFED /* ProductDetailsServiceContract.swift */ = {isa = PBXFileReference; lastKnownFileType = sourcecode.swift; path = ProductDetailsServiceContract.swift; sourceTree = "<group>"; };
		B4AE7F762C8B386100D9AFED /* ProductDetailsRepositoryContract.swift */ = {isa = PBXFileReference; lastKnownFileType = sourcecode.swift; path = ProductDetailsRepositoryContract.swift; sourceTree = "<group>"; };
		B4AE7F782C8B38A900D9AFED /* ProductDetailsUsecaseContract.swift */ = {isa = PBXFileReference; lastKnownFileType = sourcecode.swift; path = ProductDetailsUsecaseContract.swift; sourceTree = "<group>"; };
		B4AE7F7A2C8B38FD00D9AFED /* ProdcutDetailsService.swift */ = {isa = PBXFileReference; lastKnownFileType = sourcecode.swift; path = ProdcutDetailsService.swift; sourceTree = "<group>"; };
		B4AE7F7C2C8B3ADE00D9AFED /* ProductDetailsRepository.swift */ = {isa = PBXFileReference; lastKnownFileType = sourcecode.swift; path = ProductDetailsRepository.swift; sourceTree = "<group>"; };
		B4AE7F7E2C8B3B9900D9AFED /* ProductDetailsUsecase.swift */ = {isa = PBXFileReference; lastKnownFileType = sourcecode.swift; path = ProductDetailsUsecase.swift; sourceTree = "<group>"; };
		B4AE7F802C8B441500D9AFED /* ProductDetails.swift */ = {isa = PBXFileReference; lastKnownFileType = sourcecode.swift; path = ProductDetails.swift; sourceTree = "<group>"; };
		B4AE7F822C8B492C00D9AFED /* HeaderView.swift */ = {isa = PBXFileReference; lastKnownFileType = sourcecode.swift; path = HeaderView.swift; sourceTree = "<group>"; };
		B4B1C6372C88ECA000476C8B /* Salla-Task.app */ = {isa = PBXFileReference; explicitFileType = wrapper.application; includeInIndex = 0; path = "Salla-Task.app"; sourceTree = BUILT_PRODUCTS_DIR; };
		B4B1C63A2C88ECA000476C8B /* Salla_TaskApp.swift */ = {isa = PBXFileReference; lastKnownFileType = sourcecode.swift; path = Salla_TaskApp.swift; sourceTree = "<group>"; };
		B4B1C63C2C88ECA000476C8B /* ContentView.swift */ = {isa = PBXFileReference; lastKnownFileType = sourcecode.swift; path = ContentView.swift; sourceTree = "<group>"; };
		B4B1C63E2C88ECA200476C8B /* Assets.xcassets */ = {isa = PBXFileReference; lastKnownFileType = folder.assetcatalog; path = Assets.xcassets; sourceTree = "<group>"; };
		B4B1C6412C88ECA200476C8B /* Preview Assets.xcassets */ = {isa = PBXFileReference; lastKnownFileType = folder.assetcatalog; path = "Preview Assets.xcassets"; sourceTree = "<group>"; };
		B4B1C6472C88ECA200476C8B /* Salla-TaskTests.xctest */ = {isa = PBXFileReference; explicitFileType = wrapper.cfbundle; includeInIndex = 0; path = "Salla-TaskTests.xctest"; sourceTree = BUILT_PRODUCTS_DIR; };
		B4B1C6512C88ECA200476C8B /* Salla-TaskUITests.xctest */ = {isa = PBXFileReference; explicitFileType = wrapper.cfbundle; includeInIndex = 0; path = "Salla-TaskUITests.xctest"; sourceTree = BUILT_PRODUCTS_DIR; };
		B4B1C6552C88ECA200476C8B /* Salla_TaskUITests.swift */ = {isa = PBXFileReference; lastKnownFileType = sourcecode.swift; path = Salla_TaskUITests.swift; sourceTree = "<group>"; };
		B4B1C6572C88ECA200476C8B /* Salla_TaskUITestsLaunchTests.swift */ = {isa = PBXFileReference; lastKnownFileType = sourcecode.swift; path = Salla_TaskUITestsLaunchTests.swift; sourceTree = "<group>"; };
		B4B1C69D2C88ED1000476C8B /* Color.swift */ = {isa = PBXFileReference; fileEncoding = 4; lastKnownFileType = sourcecode.swift; path = Color.swift; sourceTree = "<group>"; };
		B4B1C69E2C88ED1000476C8B /* Date.swift */ = {isa = PBXFileReference; fileEncoding = 4; lastKnownFileType = sourcecode.swift; path = Date.swift; sourceTree = "<group>"; };
		B4B1C69F2C88ED1000476C8B /* UIFont.swift */ = {isa = PBXFileReference; fileEncoding = 4; lastKnownFileType = sourcecode.swift; path = UIFont.swift; sourceTree = "<group>"; };
		B4B1C6A12C88ED1000476C8B /* BaseResponse.swift */ = {isa = PBXFileReference; fileEncoding = 4; lastKnownFileType = sourcecode.swift; path = BaseResponse.swift; sourceTree = "<group>"; };
		B4B1C6A32C88ED1000476C8B /* BaseViewModel.swift */ = {isa = PBXFileReference; fileEncoding = 4; lastKnownFileType = sourcecode.swift; path = BaseViewModel.swift; sourceTree = "<group>"; };
		B4B1C6A52C88ED1000476C8B /* EncodableExtension.swift */ = {isa = PBXFileReference; fileEncoding = 4; lastKnownFileType = sourcecode.swift; path = EncodableExtension.swift; sourceTree = "<group>"; };
		B4B1C6A72C88ED1000476C8B /* APIConstants.swift */ = {isa = PBXFileReference; fileEncoding = 4; lastKnownFileType = sourcecode.swift; path = APIConstants.swift; sourceTree = "<group>"; };
		B4B1C6AA2C88ED1000476C8B /* NetworkConstants.swift */ = {isa = PBXFileReference; fileEncoding = 4; lastKnownFileType = sourcecode.swift; path = NetworkConstants.swift; sourceTree = "<group>"; };
		B4B1C6AC2C88ED1000476C8B /* String+Helpers.swift */ = {isa = PBXFileReference; fileEncoding = 4; lastKnownFileType = sourcecode.swift; path = "String+Helpers.swift"; sourceTree = "<group>"; };
		B4B1C6AE2C88ED1000476C8B /* CachingModel.swift */ = {isa = PBXFileReference; fileEncoding = 4; lastKnownFileType = sourcecode.swift; path = CachingModel.swift; sourceTree = "<group>"; };
		B4B1C6B02C88ED1000476C8B /* BaseError.swift */ = {isa = PBXFileReference; fileEncoding = 4; lastKnownFileType = sourcecode.swift; path = BaseError.swift; sourceTree = "<group>"; };
		B4B1C6B22C88ED1000476C8B /* ErrorType.swift */ = {isa = PBXFileReference; fileEncoding = 4; lastKnownFileType = sourcecode.swift; path = ErrorType.swift; sourceTree = "<group>"; };
		B4B1C6B32C88ED1000476C8B /* ErrorType+Code.swift */ = {isa = PBXFileReference; fileEncoding = 4; lastKnownFileType = sourcecode.swift; path = "ErrorType+Code.swift"; sourceTree = "<group>"; };
		B4B1C6B42C88ED1000476C8B /* ErrorType+Icon.swift */ = {isa = PBXFileReference; fileEncoding = 4; lastKnownFileType = sourcecode.swift; path = "ErrorType+Icon.swift"; sourceTree = "<group>"; };
		B4B1C6B52C88ED1000476C8B /* ErrorType+Message.swift */ = {isa = PBXFileReference; fileEncoding = 4; lastKnownFileType = sourcecode.swift; path = "ErrorType+Message.swift"; sourceTree = "<group>"; };
		B4B1C6B62C88ED1000476C8B /* ErrorType+Priority.swift */ = {isa = PBXFileReference; fileEncoding = 4; lastKnownFileType = sourcecode.swift; path = "ErrorType+Priority.swift"; sourceTree = "<group>"; };
		B4B1C6B72C88ED1000476C8B /* ErrorType+Style.swift */ = {isa = PBXFileReference; fileEncoding = 4; lastKnownFileType = sourcecode.swift; path = "ErrorType+Style.swift"; sourceTree = "<group>"; };
		B4B1C6B82C88ED1000476C8B /* ErrorType+Title.swift */ = {isa = PBXFileReference; fileEncoding = 4; lastKnownFileType = sourcecode.swift; path = "ErrorType+Title.swift"; sourceTree = "<group>"; };
		B4B1C6BA2C88ED1000476C8B /* ErrorPriority.swift */ = {isa = PBXFileReference; fileEncoding = 4; lastKnownFileType = sourcecode.swift; path = ErrorPriority.swift; sourceTree = "<group>"; };
		B4B1C6BB2C88ED1000476C8B /* ErrorResolver.swift */ = {isa = PBXFileReference; fileEncoding = 4; lastKnownFileType = sourcecode.swift; path = ErrorResolver.swift; sourceTree = "<group>"; };
		B4B1C6BC2C88ED1000476C8B /* ErrorStyle.swift */ = {isa = PBXFileReference; fileEncoding = 4; lastKnownFileType = sourcecode.swift; path = ErrorStyle.swift; sourceTree = "<group>"; };
		B4B1C6BF2C88ED1000476C8B /* APIBuilder.swift */ = {isa = PBXFileReference; fileEncoding = 4; lastKnownFileType = sourcecode.swift; path = APIBuilder.swift; sourceTree = "<group>"; };
		B4B1C6C12C88ED1000476C8B /* NetworkContentType.swift */ = {isa = PBXFileReference; fileEncoding = 4; lastKnownFileType = sourcecode.swift; path = NetworkContentType.swift; sourceTree = "<group>"; };
		B4B1C6C22C88ED1000476C8B /* NetworkHeaders.swift */ = {isa = PBXFileReference; fileEncoding = 4; lastKnownFileType = sourcecode.swift; path = NetworkHeaders.swift; sourceTree = "<group>"; };
		B4B1C6C32C88ED1000476C8B /* NetworkMethods.swift */ = {isa = PBXFileReference; fileEncoding = 4; lastKnownFileType = sourcecode.swift; path = NetworkMethods.swift; sourceTree = "<group>"; };
		B4B1C6C42C88ED1000476C8B /* NetworkParameters.swift */ = {isa = PBXFileReference; fileEncoding = 4; lastKnownFileType = sourcecode.swift; path = NetworkParameters.swift; sourceTree = "<group>"; };
		B4B1C6C62C88ED1000476C8B /* APIService.swift */ = {isa = PBXFileReference; fileEncoding = 4; lastKnownFileType = sourcecode.swift; path = APIService.swift; sourceTree = "<group>"; };
		B4B1C6C72C88ED1000476C8B /* APIServiceContract.swift */ = {isa = PBXFileReference; fileEncoding = 4; lastKnownFileType = sourcecode.swift; path = APIServiceContract.swift; sourceTree = "<group>"; };
		B4B1C6DE2C88ED1000476C8B /* View+Helpers.swift */ = {isa = PBXFileReference; fileEncoding = 4; lastKnownFileType = sourcecode.swift; path = "View+Helpers.swift"; sourceTree = "<group>"; };
		B4B1C76E2C88EEFB00476C8B /* BrandDetailsView.swift */ = {isa = PBXFileReference; lastKnownFileType = sourcecode.swift; path = BrandDetailsView.swift; sourceTree = "<group>"; };
		B4B1C7702C88EF0C00476C8B /* BrandDetailsViewModel.swift */ = {isa = PBXFileReference; lastKnownFileType = sourcecode.swift; path = BrandDetailsViewModel.swift; sourceTree = "<group>"; };
		B4B1C7782C88F1C700476C8B /* Product.swift */ = {isa = PBXFileReference; lastKnownFileType = sourcecode.swift; path = Product.swift; sourceTree = "<group>"; };
		B4B1C77A2C88F1E400476C8B /* Currency.swift */ = {isa = PBXFileReference; lastKnownFileType = sourcecode.swift; path = Currency.swift; sourceTree = "<group>"; };
		B4B1C77C2C88F20300476C8B /* ImageModel.swift */ = {isa = PBXFileReference; lastKnownFileType = sourcecode.swift; path = ImageModel.swift; sourceTree = "<group>"; };
		B4C969DD2C8E1DE7003348D1 /* NetworkMonitor.swift */ = {isa = PBXFileReference; lastKnownFileType = sourcecode.swift; path = NetworkMonitor.swift; sourceTree = "<group>"; };
		B4C969DF2C8E1FD0003348D1 /* RealmManagerContract.swift */ = {isa = PBXFileReference; lastKnownFileType = sourcecode.swift; path = RealmManagerContract.swift; sourceTree = "<group>"; };
		C9840449C11453E4D9062FD6 /* Pods-Salla-Task.debug.xcconfig */ = {isa = PBXFileReference; includeInIndex = 1; lastKnownFileType = text.xcconfig; name = "Pods-Salla-Task.debug.xcconfig"; path = "Target Support Files/Pods-Salla-Task/Pods-Salla-Task.debug.xcconfig"; sourceTree = "<group>"; };
		E07A454FECF3DC7C55367F85 /* Pods-Salla-Task-Salla-TaskUITests.release.xcconfig */ = {isa = PBXFileReference; includeInIndex = 1; lastKnownFileType = text.xcconfig; name = "Pods-Salla-Task-Salla-TaskUITests.release.xcconfig"; path = "Target Support Files/Pods-Salla-Task-Salla-TaskUITests/Pods-Salla-Task-Salla-TaskUITests.release.xcconfig"; sourceTree = "<group>"; };
		FD6A35DE67CC588D7FB76479 /* Pods-Salla-Task.release.xcconfig */ = {isa = PBXFileReference; includeInIndex = 1; lastKnownFileType = text.xcconfig; name = "Pods-Salla-Task.release.xcconfig"; path = "Target Support Files/Pods-Salla-Task/Pods-Salla-Task.release.xcconfig"; sourceTree = "<group>"; };
/* End PBXFileReference section */

/* Begin PBXFrameworksBuildPhase section */
		B4B1C6342C88ECA000476C8B /* Frameworks */ = {
			isa = PBXFrameworksBuildPhase;
			buildActionMask = 2147483647;
			files = (
				A71D7AFE0712F87769F28C67 /* Pods_Salla_Task.framework in Frameworks */,
			);
			runOnlyForDeploymentPostprocessing = 0;
		};
		B4B1C6442C88ECA200476C8B /* Frameworks */ = {
			isa = PBXFrameworksBuildPhase;
			buildActionMask = 2147483647;
			files = (
				462736CF98460C37B86AF294 /* Pods_Salla_TaskTests.framework in Frameworks */,
			);
			runOnlyForDeploymentPostprocessing = 0;
		};
		B4B1C64E2C88ECA200476C8B /* Frameworks */ = {
			isa = PBXFrameworksBuildPhase;
			buildActionMask = 2147483647;
			files = (
				76A33BE29D97832A53C9E2CC /* Pods_Salla_Task_Salla_TaskUITests.framework in Frameworks */,
			);
			runOnlyForDeploymentPostprocessing = 0;
		};
/* End PBXFrameworksBuildPhase section */

/* Begin PBXGroup section */
		20EAA7F5E7E899C286DC47A3 /* Frameworks */ = {
			isa = PBXGroup;
			children = (
				024D1D8B1A924A477176BA8C /* Pods_Salla_Task.framework */,
				7C7ABD175D0579B9EA58E9CC /* Pods_Salla_Task_Salla_TaskUITests.framework */,
				8EB6EF87FDB6C261A4627CC2 /* Pods_Salla_TaskTests.framework */,
			);
			name = Frameworks;
			sourceTree = "<group>";
		};
		B43A620D2C8B5D060000932B /* ProductDetails */ = {
			isa = PBXGroup;
			children = (
				B43A62152C8B5D4B0000932B /* Mock */,
				B43A620E2C8B5D0E0000932B /* Presentation */,
				B43A62102C8B5D1A0000932B /* Domain */,
				B43A620F2C8B5D160000932B /* Data */,
			);
			path = ProductDetails;
			sourceTree = "<group>";
		};
		B43A620E2C8B5D0E0000932B /* Presentation */ = {
			isa = PBXGroup;
			children = (
				B43A62112C8B5D240000932B /* ViewModel */,
			);
			path = Presentation;
			sourceTree = "<group>";
		};
		B43A620F2C8B5D160000932B /* Data */ = {
			isa = PBXGroup;
			children = (
				B43A62142C8B5D380000932B /* Repository */,
				B43A62132C8B5D330000932B /* Service */,
			);
			path = Data;
			sourceTree = "<group>";
		};
		B43A62102C8B5D1A0000932B /* Domain */ = {
			isa = PBXGroup;
			children = (
				B43A62122C8B5D2A0000932B /* Usecases */,
			);
			path = Domain;
			sourceTree = "<group>";
		};
		B43A62112C8B5D240000932B /* ViewModel */ = {
			isa = PBXGroup;
			children = (
				B43A62232C8B63070000932B /* ProductDetailsViewModelTests.swift */,
			);
			path = ViewModel;
			sourceTree = "<group>";
		};
		B43A62122C8B5D2A0000932B /* Usecases */ = {
			isa = PBXGroup;
			children = (
				B43A62212C8B62320000932B /* ProductDetailsUsecaseTests.swift */,
			);
			path = Usecases;
			sourceTree = "<group>";
		};
		B43A62132C8B5D330000932B /* Service */ = {
			isa = PBXGroup;
			children = (
				B43A62172C8B5D920000932B /* ProductDetailsServiceTests.swift */,
			);
			path = Service;
			sourceTree = "<group>";
		};
		B43A62142C8B5D380000932B /* Repository */ = {
			isa = PBXGroup;
			children = (
				B43A621B2C8B5EB50000932B /* ProductDetailsRepositoryTests.swift */,
			);
			path = Repository;
			sourceTree = "<group>";
		};
		B43A62152C8B5D4B0000932B /* Mock */ = {
			isa = PBXGroup;
			children = (
				B43A621D2C8B5EE70000932B /* MockFailureProductDetailsService.swift */,
				B43A621E2C8B5EE70000932B /* MockValidProductDetailsService.swift */,
				B43A62192C8B5E470000932B /* ProductDetailsMockResponse.json */,
			);
			path = Mock;
			sourceTree = "<group>";
		};
		B43A62162C8B5D680000932B /* Mock */ = {
			isa = PBXGroup;
			children = (
				B4AE7F4F2C89D60C00D9AFED /* MockData.swift */,
				B4AE7F4D2C89D4FD00D9AFED /* MockAPIService.swift */,
			);
			path = Mock;
			sourceTree = "<group>";
		};
		B43A62272C8C8A000000932B /* Configuration */ = {
			isa = PBXGroup;
			children = (
				B43A62252C8C89F80000932B /* Configuration.swift */,
				B43A622A2C8C8A7A0000932B /* ConfigurationManager.swift */,
			);
			path = Configuration;
			sourceTree = "<group>";
		};
		B43A62282C8C8A0B0000932B /* Views */ = {
			isa = PBXGroup;
			children = (
				B4AE7F432C89BB5700D9AFED /* ProductView.swift */,
				B4AE7F822C8B492C00D9AFED /* HeaderView.swift */,
			);
			path = Views;
			sourceTree = "<group>";
		};
		B43A622E2C8D845E0000932B /* DB */ = {
			isa = PBXGroup;
			children = (
				B43A622F2C8D846C0000932B /* ProductRealm.swift */,
				B43A62312C8D849E0000932B /* RealmManager.swift */,
				B4C969DF2C8E1FD0003348D1 /* RealmManagerContract.swift */,
			);
			path = DB;
			sourceTree = "<group>";
		};
		B4AE7F282C8909A700D9AFED /* Resources */ = {
			isa = PBXGroup;
			children = (
				B43A622C2C8C8ACB0000932B /* Developers.json */,
				B4AE7F292C8909C000D9AFED /* dinnextltarabic-regular.ttf */,
			);
			path = Resources;
			sourceTree = "<group>";
		};
		B4AE7F2F2C89B35000D9AFED /* Service */ = {
			isa = PBXGroup;
			children = (
				B4AE7F372C89B53F00D9AFED /* BrandDetailsServiceContract.swift */,
			);
			path = Service;
			sourceTree = "<group>";
		};
		B4AE7F302C89B35900D9AFED /* Repository */ = {
			isa = PBXGroup;
			children = (
				B4AE7F352C89B4E700D9AFED /* BrandDetailsRepositoryContract.swift */,
			);
			path = Repository;
			sourceTree = "<group>";
		};
		B4AE7F312C89B36500D9AFED /* Usecase */ = {
			isa = PBXGroup;
			children = (
				B4AE7F392C89B58E00D9AFED /* BrandDetailsUsecaseContract.swift */,
			);
			path = Usecase;
			sourceTree = "<group>";
		};
		B4AE7F452C89D2D900D9AFED /* BrandDetails */ = {
			isa = PBXGroup;
			children = (
				B4AE7F552C89E78200D9AFED /* Mock */,
				B4AE7F462C89D34B00D9AFED /* Presentation */,
				B4AE7F482C89D35B00D9AFED /* Domain */,
				B4AE7F472C89D35300D9AFED /* Data */,
			);
			path = BrandDetails;
			sourceTree = "<group>";
		};
		B4AE7F462C89D34B00D9AFED /* Presentation */ = {
			isa = PBXGroup;
			children = (
				B4AE7F5F2C8A33CA00D9AFED /* ViewModel */,
			);
			path = Presentation;
			sourceTree = "<group>";
		};
		B4AE7F472C89D35300D9AFED /* Data */ = {
			isa = PBXGroup;
			children = (
				B4AE7F4A2C89D36E00D9AFED /* Repository */,
				B4AE7F492C89D36700D9AFED /* Service */,
			);
			path = Data;
			sourceTree = "<group>";
		};
		B4AE7F482C89D35B00D9AFED /* Domain */ = {
			isa = PBXGroup;
			children = (
				B4AE7F5C2C8A30A600D9AFED /* Usecase */,
			);
			path = Domain;
			sourceTree = "<group>";
		};
		B4AE7F492C89D36700D9AFED /* Service */ = {
			isa = PBXGroup;
			children = (
				B4AE7F4B2C89D3A700D9AFED /* BrandDetailsServiceTest.swift */,
			);
			path = Service;
			sourceTree = "<group>";
		};
		B4AE7F4A2C89D36E00D9AFED /* Repository */ = {
			isa = PBXGroup;
			children = (
				B4AE7F532C89E33D00D9AFED /* BrandDetailsRepositoryTests.swift */,
			);
			path = Repository;
			sourceTree = "<group>";
		};
		B4AE7F552C89E78200D9AFED /* Mock */ = {
			isa = PBXGroup;
			children = (
				B4AE7F512C89E08D00D9AFED /* BrandDetailsMockResponse.json */,
				B4AE7F562C89E79900D9AFED /* MockValidBrandDetailsService.swift */,
				B4AE7F5A2C89E86800D9AFED /* MockFailureBrandDetailsService.swift */,
			);
			path = Mock;
			sourceTree = "<group>";
		};
		B4AE7F5C2C8A30A600D9AFED /* Usecase */ = {
			isa = PBXGroup;
			children = (
				B4AE7F5D2C8A30C100D9AFED /* BrandDetailsUsecaseTetst.swift */,
			);
			path = Usecase;
			sourceTree = "<group>";
		};
		B4AE7F5F2C8A33CA00D9AFED /* ViewModel */ = {
			isa = PBXGroup;
			children = (
				B4AE7F602C8A33EC00D9AFED /* BrandDetailsViewModelTests.swift */,
			);
			path = ViewModel;
			sourceTree = "<group>";
		};
		B4AE7F622C8B32BB00D9AFED /* Presentation */ = {
			isa = PBXGroup;
			children = (
				B4AE7F6A2C8B32FB00D9AFED /* View */,
				B4AE7F6B2C8B330000D9AFED /* ViewModel */,
			);
			path = Presentation;
			sourceTree = "<group>";
		};
		B4AE7F632C8B32C300D9AFED /* Domain */ = {
			isa = PBXGroup;
			children = (
				B4AE7F692C8B32F500D9AFED /* Entitiy */,
				B4AE7F682C8B32EA00D9AFED /* Interfaces */,
				B4AE7F672C8B32E400D9AFED /* Usecase */,
			);
			path = Domain;
			sourceTree = "<group>";
		};
		B4AE7F642C8B32C800D9AFED /* Data */ = {
			isa = PBXGroup;
			children = (
				B4AE7F662C8B32DB00D9AFED /* Repositpry */,
				B4AE7F652C8B32D500D9AFED /* Service */,
			);
			path = Data;
			sourceTree = "<group>";
		};
		B4AE7F652C8B32D500D9AFED /* Service */ = {
			isa = PBXGroup;
			children = (
				B4AE7F7A2C8B38FD00D9AFED /* ProdcutDetailsService.swift */,
			);
			path = Service;
			sourceTree = "<group>";
		};
		B4AE7F662C8B32DB00D9AFED /* Repositpry */ = {
			isa = PBXGroup;
			children = (
				B4AE7F7C2C8B3ADE00D9AFED /* ProductDetailsRepository.swift */,
			);
			path = Repositpry;
			sourceTree = "<group>";
		};
		B4AE7F672C8B32E400D9AFED /* Usecase */ = {
			isa = PBXGroup;
			children = (
				B4AE7F7E2C8B3B9900D9AFED /* ProductDetailsUsecase.swift */,
			);
			path = Usecase;
			sourceTree = "<group>";
		};
		B4AE7F682C8B32EA00D9AFED /* Interfaces */ = {
			isa = PBXGroup;
			children = (
				B4AE7F732C8B37D400D9AFED /* Repository */,
				B4AE7F712C8B37BF00D9AFED /* Service */,
				B4AE7F702C8B37B900D9AFED /* Usecases */,
			);
			path = Interfaces;
			sourceTree = "<group>";
		};
		B4AE7F692C8B32F500D9AFED /* Entitiy */ = {
			isa = PBXGroup;
			children = (
				B4AE7F802C8B441500D9AFED /* ProductDetails.swift */,
			);
			path = Entitiy;
			sourceTree = "<group>";
		};
		B4AE7F6A2C8B32FB00D9AFED /* View */ = {
			isa = PBXGroup;
			children = (
				B4AE7F6C2C8B331C00D9AFED /* ProductDetailsView.swift */,
			);
			path = View;
			sourceTree = "<group>";
		};
		B4AE7F6B2C8B330000D9AFED /* ViewModel */ = {
			isa = PBXGroup;
			children = (
				B4AE7F6E2C8B378C00D9AFED /* ProductDetailsViewModel.swift */,
			);
			path = ViewModel;
			sourceTree = "<group>";
		};
		B4AE7F702C8B37B900D9AFED /* Usecases */ = {
			isa = PBXGroup;
			children = (
				B4AE7F782C8B38A900D9AFED /* ProductDetailsUsecaseContract.swift */,
			);
			path = Usecases;
			sourceTree = "<group>";
		};
		B4AE7F712C8B37BF00D9AFED /* Service */ = {
			isa = PBXGroup;
			children = (
				B4AE7F742C8B37ED00D9AFED /* ProductDetailsServiceContract.swift */,
			);
			path = Service;
			sourceTree = "<group>";
		};
		B4AE7F732C8B37D400D9AFED /* Repository */ = {
			isa = PBXGroup;
			children = (
				B4AE7F762C8B386100D9AFED /* ProductDetailsRepositoryContract.swift */,
			);
			path = Repository;
			sourceTree = "<group>";
		};
		B4B1C62E2C88ECA000476C8B = {
			isa = PBXGroup;
			children = (
				B4B1C6392C88ECA000476C8B /* Salla-Task */,
				B4B1C64A2C88ECA200476C8B /* Salla-TaskTests */,
				B4B1C6542C88ECA200476C8B /* Salla-TaskUITests */,
				B4B1C6382C88ECA000476C8B /* Products */,
				F382AE895E5A1A63E6CB875F /* Pods */,
				20EAA7F5E7E899C286DC47A3 /* Frameworks */,
			);
			sourceTree = "<group>";
		};
		B4B1C6382C88ECA000476C8B /* Products */ = {
			isa = PBXGroup;
			children = (
				B4B1C6372C88ECA000476C8B /* Salla-Task.app */,
				B4B1C6472C88ECA200476C8B /* Salla-TaskTests.xctest */,
				B4B1C6512C88ECA200476C8B /* Salla-TaskUITests.xctest */,
			);
			name = Products;
			sourceTree = "<group>";
		};
		B4B1C6392C88ECA000476C8B /* Salla-Task */ = {
			isa = PBXGroup;
			children = (
				B4AE7F2D2C890AB600D9AFED /* Info.plist */,
				B4B1C7682C88ED6C00476C8B /* ProductDetails */,
				B4B1C7672C88ED6100476C8B /* BrandDetails */,
				B4B1C7662C88ED5000476C8B /* Common */,
				B4B1C69C2C88ED1000476C8B /* Entities */,
				B4B1C6A02C88ED1000476C8B /* Extentions */,
				B4B1C6F32C88ED1000476C8B /* Utility */,
				B4AE7F282C8909A700D9AFED /* Resources */,
				B4B1C63A2C88ECA000476C8B /* Salla_TaskApp.swift */,
				B4B1C63C2C88ECA000476C8B /* ContentView.swift */,
				B4B1C63E2C88ECA200476C8B /* Assets.xcassets */,
				B4B1C6402C88ECA200476C8B /* Preview Content */,
			);
			path = "Salla-Task";
			sourceTree = "<group>";
		};
		B4B1C6402C88ECA200476C8B /* Preview Content */ = {
			isa = PBXGroup;
			children = (
				B4B1C6412C88ECA200476C8B /* Preview Assets.xcassets */,
			);
			path = "Preview Content";
			sourceTree = "<group>";
		};
		B4B1C64A2C88ECA200476C8B /* Salla-TaskTests */ = {
			isa = PBXGroup;
			children = (
				B43A62162C8B5D680000932B /* Mock */,
				B43A620D2C8B5D060000932B /* ProductDetails */,
				B4AE7F452C89D2D900D9AFED /* BrandDetails */,
			);
			path = "Salla-TaskTests";
			sourceTree = "<group>";
		};
		B4B1C6542C88ECA200476C8B /* Salla-TaskUITests */ = {
			isa = PBXGroup;
			children = (
				B4B1C6552C88ECA200476C8B /* Salla_TaskUITests.swift */,
				B4B1C6572C88ECA200476C8B /* Salla_TaskUITestsLaunchTests.swift */,
			);
			path = "Salla-TaskUITests";
			sourceTree = "<group>";
		};
		B4B1C6722C88ED1000476C8B /* Models */ = {
			isa = PBXGroup;
			children = (
			);
			path = Models;
			sourceTree = "<group>";
		};
		B4B1C6862C88ED1000476C8B /* Requests */ = {
			isa = PBXGroup;
			children = (
			);
			path = Requests;
			sourceTree = "<group>";
		};
		B4B1C69B2C88ED1000476C8B /* Responses */ = {
			isa = PBXGroup;
			children = (
			);
			path = Responses;
			sourceTree = "<group>";
		};
		B4B1C69C2C88ED1000476C8B /* Entities */ = {
			isa = PBXGroup;
			children = (
				B4B1C6722C88ED1000476C8B /* Models */,
				B4B1C6862C88ED1000476C8B /* Requests */,
				B4B1C69B2C88ED1000476C8B /* Responses */,
			);
			path = Entities;
			sourceTree = "<group>";
		};
		B4B1C6A02C88ED1000476C8B /* Extentions */ = {
			isa = PBXGroup;
			children = (
				B4B1C69D2C88ED1000476C8B /* Color.swift */,
				B4B1C69E2C88ED1000476C8B /* Date.swift */,
				B4B1C69F2C88ED1000476C8B /* UIFont.swift */,
				B4AE7F262C8907A100D9AFED /* Double.swift */,
				B4AE7F582C89E80D00D9AFED /* Publisher.swift */,
			);
			path = Extentions;
			sourceTree = "<group>";
		};
		B4B1C6A42C88ED1000476C8B /* Bases */ = {
			isa = PBXGroup;
			children = (
				B4B1C6A12C88ED1000476C8B /* BaseResponse.swift */,
				B4B1C6A32C88ED1000476C8B /* BaseViewModel.swift */,
			);
			path = Bases;
			sourceTree = "<group>";
		};
		B4B1C6A62C88ED1000476C8B /* Codable */ = {
			isa = PBXGroup;
			children = (
				B4B1C6A52C88ED1000476C8B /* EncodableExtension.swift */,
			);
			path = Codable;
			sourceTree = "<group>";
		};
		B4B1C6AB2C88ED1000476C8B /* Constatnts */ = {
			isa = PBXGroup;
			children = (
				B4B1C6A72C88ED1000476C8B /* APIConstants.swift */,
				B4B1C6AA2C88ED1000476C8B /* NetworkConstants.swift */,
			);
			path = Constatnts;
			sourceTree = "<group>";
		};
		B4B1C6AD2C88ED1000476C8B /* String */ = {
			isa = PBXGroup;
			children = (
				B4B1C6AC2C88ED1000476C8B /* String+Helpers.swift */,
			);
			path = String;
			sourceTree = "<group>";
		};
		B4B1C6AF2C88ED1000476C8B /* CoreHelpers */ = {
			isa = PBXGroup;
			children = (
				B4B1C6AD2C88ED1000476C8B /* String */,
				B4B1C6AE2C88ED1000476C8B /* CachingModel.swift */,
			);
			path = CoreHelpers;
			sourceTree = "<group>";
		};
		B4B1C6B12C88ED1000476C8B /* Entity */ = {
			isa = PBXGroup;
			children = (
				B4B1C6B02C88ED1000476C8B /* BaseError.swift */,
			);
			path = Entity;
			sourceTree = "<group>";
		};
		B4B1C6B92C88ED1000476C8B /* Error Type */ = {
			isa = PBXGroup;
			children = (
				B4B1C6B22C88ED1000476C8B /* ErrorType.swift */,
				B4B1C6B32C88ED1000476C8B /* ErrorType+Code.swift */,
				B4B1C6B42C88ED1000476C8B /* ErrorType+Icon.swift */,
				B4B1C6B52C88ED1000476C8B /* ErrorType+Message.swift */,
				B4B1C6B62C88ED1000476C8B /* ErrorType+Priority.swift */,
				B4B1C6B72C88ED1000476C8B /* ErrorType+Style.swift */,
				B4B1C6B82C88ED1000476C8B /* ErrorType+Title.swift */,
			);
			path = "Error Type";
			sourceTree = "<group>";
		};
		B4B1C6BD2C88ED1000476C8B /* Helpers */ = {
			isa = PBXGroup;
			children = (
				B4B1C6B92C88ED1000476C8B /* Error Type */,
				B4B1C6BA2C88ED1000476C8B /* ErrorPriority.swift */,
				B4B1C6BB2C88ED1000476C8B /* ErrorResolver.swift */,
				B4B1C6BC2C88ED1000476C8B /* ErrorStyle.swift */,
			);
			path = Helpers;
			sourceTree = "<group>";
		};
		B4B1C6BE2C88ED1000476C8B /* Error */ = {
			isa = PBXGroup;
			children = (
				B4B1C6B12C88ED1000476C8B /* Entity */,
				B4B1C6BD2C88ED1000476C8B /* Helpers */,
			);
			path = Error;
			sourceTree = "<group>";
		};
		B4B1C6C02C88ED1000476C8B /* Builder */ = {
			isa = PBXGroup;
			children = (
				B4B1C6BF2C88ED1000476C8B /* APIBuilder.swift */,
			);
			path = Builder;
			sourceTree = "<group>";
		};
		B4B1C6C52C88ED1000476C8B /* Constants */ = {
			isa = PBXGroup;
			children = (
				B4B1C6C12C88ED1000476C8B /* NetworkContentType.swift */,
				B4B1C6C22C88ED1000476C8B /* NetworkHeaders.swift */,
				B4B1C6C32C88ED1000476C8B /* NetworkMethods.swift */,
				B4B1C6C42C88ED1000476C8B /* NetworkParameters.swift */,
			);
			path = Constants;
			sourceTree = "<group>";
		};
		B4B1C6C82C88ED1000476C8B /* Service */ = {
			isa = PBXGroup;
			children = (
				B4B1C6C62C88ED1000476C8B /* APIService.swift */,
				B4B1C6C72C88ED1000476C8B /* APIServiceContract.swift */,
			);
			path = Service;
			sourceTree = "<group>";
		};
		B4B1C6C92C88ED1000476C8B /* Network */ = {
			isa = PBXGroup;
			children = (
				B4B1C6C02C88ED1000476C8B /* Builder */,
				B4B1C6C52C88ED1000476C8B /* Constants */,
				B4B1C6C82C88ED1000476C8B /* Service */,
			);
			path = Network;
			sourceTree = "<group>";
		};
		B4B1C6DF2C88ED1000476C8B /* Helpers */ = {
			isa = PBXGroup;
			children = (
				B4B1C6DE2C88ED1000476C8B /* View+Helpers.swift */,
				B4C969DD2C8E1DE7003348D1 /* NetworkMonitor.swift */,
			);
			path = Helpers;
			sourceTree = "<group>";
		};
		B4B1C6F32C88ED1000476C8B /* Utility */ = {
			isa = PBXGroup;
			children = (
				B4B1C6A42C88ED1000476C8B /* Bases */,
				B4B1C6A62C88ED1000476C8B /* Codable */,
				B4B1C6AB2C88ED1000476C8B /* Constatnts */,
				B4B1C6AF2C88ED1000476C8B /* CoreHelpers */,
				B4B1C6BE2C88ED1000476C8B /* Error */,
				B4B1C6C92C88ED1000476C8B /* Network */,
				B4B1C6DF2C88ED1000476C8B /* Helpers */,
			);
			path = Utility;
			sourceTree = "<group>";
		};
		B4B1C7662C88ED5000476C8B /* Common */ = {
			isa = PBXGroup;
			children = (
				B43A622E2C8D845E0000932B /* DB */,
				B43A62282C8C8A0B0000932B /* Views */,
				B43A62272C8C8A000000932B /* Configuration */,
			);
			path = Common;
			sourceTree = "<group>";
		};
		B4B1C7672C88ED6100476C8B /* BrandDetails */ = {
			isa = PBXGroup;
			children = (
				B4B1C76B2C88EE2500476C8B /* Presentation */,
				B4B1C76A2C88EE1C00476C8B /* Domain */,
				B4B1C7692C88EE1600476C8B /* Data */,
			);
			path = BrandDetails;
			sourceTree = "<group>";
		};
		B4B1C7682C88ED6C00476C8B /* ProductDetails */ = {
			isa = PBXGroup;
			children = (
				B4AE7F622C8B32BB00D9AFED /* Presentation */,
				B4AE7F632C8B32C300D9AFED /* Domain */,
				B4AE7F642C8B32C800D9AFED /* Data */,
			);
			path = ProductDetails;
			sourceTree = "<group>";
		};
		B4B1C7692C88EE1600476C8B /* Data */ = {
			isa = PBXGroup;
			children = (
				B4B1C7772C88EF5500476C8B /* Repository */,
				B4B1C7762C88EF4D00476C8B /* Sercice */,
			);
			path = Data;
			sourceTree = "<group>";
		};
		B4B1C76A2C88EE1C00476C8B /* Domain */ = {
			isa = PBXGroup;
			children = (
				B4B1C7752C88EF3C00476C8B /* Entities */,
				B4B1C7742C88EF3000476C8B /* Interfaces */,
				B4B1C7722C88EF2100476C8B /* Usecases */,
			);
			path = Domain;
			sourceTree = "<group>";
		};
		B4B1C76B2C88EE2500476C8B /* Presentation */ = {
			isa = PBXGroup;
			children = (
				B4B1C76D2C88EEE600476C8B /* View */,
				B4B1C76C2C88EEDA00476C8B /* ViewModel */,
			);
			path = Presentation;
			sourceTree = "<group>";
		};
		B4B1C76C2C88EEDA00476C8B /* ViewModel */ = {
			isa = PBXGroup;
			children = (
				B4B1C7702C88EF0C00476C8B /* BrandDetailsViewModel.swift */,
			);
			path = ViewModel;
			sourceTree = "<group>";
		};
		B4B1C76D2C88EEE600476C8B /* View */ = {
			isa = PBXGroup;
			children = (
				B4B1C76E2C88EEFB00476C8B /* BrandDetailsView.swift */,
			);
			path = View;
			sourceTree = "<group>";
		};
		B4B1C7722C88EF2100476C8B /* Usecases */ = {
			isa = PBXGroup;
			children = (
				B4AE7F3B2C89B61000D9AFED /* BrandDetailsUsecase.swift */,
			);
			path = Usecases;
			sourceTree = "<group>";
		};
		B4B1C7742C88EF3000476C8B /* Interfaces */ = {
			isa = PBXGroup;
			children = (
				B4AE7F312C89B36500D9AFED /* Usecase */,
				B4AE7F302C89B35900D9AFED /* Repository */,
				B4AE7F2F2C89B35000D9AFED /* Service */,
			);
			path = Interfaces;
			sourceTree = "<group>";
		};
		B4B1C7752C88EF3C00476C8B /* Entities */ = {
			isa = PBXGroup;
			children = (
				B4B1C7782C88F1C700476C8B /* Product.swift */,
				B4B1C77A2C88F1E400476C8B /* Currency.swift */,
				B4B1C77C2C88F20300476C8B /* ImageModel.swift */,
				B4AE7F412C89B9B200D9AFED /* BrandDetailsRequest.swift */,
			);
			path = Entities;
			sourceTree = "<group>";
		};
		B4B1C7762C88EF4D00476C8B /* Sercice */ = {
			isa = PBXGroup;
			children = (
				B4AE7F3F2C89B6DD00D9AFED /* BrandDetailsService.swift */,
			);
			path = Sercice;
			sourceTree = "<group>";
		};
		B4B1C7772C88EF5500476C8B /* Repository */ = {
			isa = PBXGroup;
			children = (
				B4AE7F3D2C89B69D00D9AFED /* BrandDetailsRepository.swift */,
			);
			path = Repository;
			sourceTree = "<group>";
		};
		F382AE895E5A1A63E6CB875F /* Pods */ = {
			isa = PBXGroup;
			children = (
				C9840449C11453E4D9062FD6 /* Pods-Salla-Task.debug.xcconfig */,
				FD6A35DE67CC588D7FB76479 /* Pods-Salla-Task.release.xcconfig */,
				B49589409BFE529D6664E23F /* Pods-Salla-Task-Salla-TaskUITests.debug.xcconfig */,
				E07A454FECF3DC7C55367F85 /* Pods-Salla-Task-Salla-TaskUITests.release.xcconfig */,
				8B998EE0111EEA7D7D50172D /* Pods-Salla-TaskTests.debug.xcconfig */,
				987DD92D0D1D6EB607CB805E /* Pods-Salla-TaskTests.release.xcconfig */,
			);
			path = Pods;
			sourceTree = "<group>";
		};
/* End PBXGroup section */

/* Begin PBXNativeTarget section */
		B4B1C6362C88ECA000476C8B /* Salla-Task */ = {
			isa = PBXNativeTarget;
			buildConfigurationList = B4B1C65B2C88ECA200476C8B /* Build configuration list for PBXNativeTarget "Salla-Task" */;
			buildPhases = (
				5D76C997A10C21B5B5562789 /* [CP] Check Pods Manifest.lock */,
				B4B1C6332C88ECA000476C8B /* Sources */,
				B4B1C6342C88ECA000476C8B /* Frameworks */,
				B4B1C6352C88ECA000476C8B /* Resources */,
				433DA75038102F8EB0B42C79 /* [CP] Embed Pods Frameworks */,
			);
			buildRules = (
			);
			dependencies = (
			);
			name = "Salla-Task";
			productName = "Salla-Task";
			productReference = B4B1C6372C88ECA000476C8B /* Salla-Task.app */;
			productType = "com.apple.product-type.application";
		};
		B4B1C6462C88ECA200476C8B /* Salla-TaskTests */ = {
			isa = PBXNativeTarget;
			buildConfigurationList = B4B1C65E2C88ECA200476C8B /* Build configuration list for PBXNativeTarget "Salla-TaskTests" */;
			buildPhases = (
				FDCC340DABFB8B91C8608D61 /* [CP] Check Pods Manifest.lock */,
				B4B1C6432C88ECA200476C8B /* Sources */,
				B4B1C6442C88ECA200476C8B /* Frameworks */,
				B4B1C6452C88ECA200476C8B /* Resources */,
			);
			buildRules = (
			);
			dependencies = (
				B4B1C6492C88ECA200476C8B /* PBXTargetDependency */,
			);
			name = "Salla-TaskTests";
			productName = "Salla-TaskTests";
			productReference = B4B1C6472C88ECA200476C8B /* Salla-TaskTests.xctest */;
			productType = "com.apple.product-type.bundle.unit-test";
		};
		B4B1C6502C88ECA200476C8B /* Salla-TaskUITests */ = {
			isa = PBXNativeTarget;
			buildConfigurationList = B4B1C6612C88ECA200476C8B /* Build configuration list for PBXNativeTarget "Salla-TaskUITests" */;
			buildPhases = (
				2909F4811F27DD11D6A046F6 /* [CP] Check Pods Manifest.lock */,
				B4B1C64D2C88ECA200476C8B /* Sources */,
				B4B1C64E2C88ECA200476C8B /* Frameworks */,
				B4B1C64F2C88ECA200476C8B /* Resources */,
				F292E3686464CFCBCB476CDD /* [CP] Embed Pods Frameworks */,
			);
			buildRules = (
			);
			dependencies = (
				B4B1C6532C88ECA200476C8B /* PBXTargetDependency */,
			);
			name = "Salla-TaskUITests";
			productName = "Salla-TaskUITests";
			productReference = B4B1C6512C88ECA200476C8B /* Salla-TaskUITests.xctest */;
			productType = "com.apple.product-type.bundle.ui-testing";
		};
/* End PBXNativeTarget section */

/* Begin PBXProject section */
		B4B1C62F2C88ECA000476C8B /* Project object */ = {
			isa = PBXProject;
			attributes = {
				BuildIndependentTargetsInParallel = 1;
				LastSwiftUpdateCheck = 1530;
				LastUpgradeCheck = 1530;
				TargetAttributes = {
					B4B1C6362C88ECA000476C8B = {
						CreatedOnToolsVersion = 15.3;
					};
					B4B1C6462C88ECA200476C8B = {
						CreatedOnToolsVersion = 15.3;
						TestTargetID = B4B1C6362C88ECA000476C8B;
					};
					B4B1C6502C88ECA200476C8B = {
						CreatedOnToolsVersion = 15.3;
						TestTargetID = B4B1C6362C88ECA000476C8B;
					};
				};
			};
			buildConfigurationList = B4B1C6322C88ECA000476C8B /* Build configuration list for PBXProject "Salla-Task" */;
			compatibilityVersion = "Xcode 14.0";
			developmentRegion = en;
			hasScannedForEncodings = 0;
			knownRegions = (
				en,
				Base,
			);
			mainGroup = B4B1C62E2C88ECA000476C8B;
			productRefGroup = B4B1C6382C88ECA000476C8B /* Products */;
			projectDirPath = "";
			projectRoot = "";
			targets = (
				B4B1C6362C88ECA000476C8B /* Salla-Task */,
				B4B1C6462C88ECA200476C8B /* Salla-TaskTests */,
				B4B1C6502C88ECA200476C8B /* Salla-TaskUITests */,
			);
		};
/* End PBXProject section */

/* Begin PBXResourcesBuildPhase section */
		B4B1C6352C88ECA000476C8B /* Resources */ = {
			isa = PBXResourcesBuildPhase;
			buildActionMask = 2147483647;
			files = (
				B43A622D2C8C8ACB0000932B /* Developers.json in Resources */,
				B4B1C6422C88ECA200476C8B /* Preview Assets.xcassets in Resources */,
				B4B1C63F2C88ECA200476C8B /* Assets.xcassets in Resources */,
				B4AE7F2B2C8909C000D9AFED /* dinnextltarabic-regular.ttf in Resources */,
			);
			runOnlyForDeploymentPostprocessing = 0;
		};
		B4B1C6452C88ECA200476C8B /* Resources */ = {
			isa = PBXResourcesBuildPhase;
			buildActionMask = 2147483647;
			files = (
				B43A621A2C8B5E470000932B /* ProductDetailsMockResponse.json in Resources */,
				B4AE7F522C89E08D00D9AFED /* BrandDetailsMockResponse.json in Resources */,
			);
			runOnlyForDeploymentPostprocessing = 0;
		};
		B4B1C64F2C88ECA200476C8B /* Resources */ = {
			isa = PBXResourcesBuildPhase;
			buildActionMask = 2147483647;
			files = (
			);
			runOnlyForDeploymentPostprocessing = 0;
		};
/* End PBXResourcesBuildPhase section */

/* Begin PBXShellScriptBuildPhase section */
		2909F4811F27DD11D6A046F6 /* [CP] Check Pods Manifest.lock */ = {
			isa = PBXShellScriptBuildPhase;
			buildActionMask = 2147483647;
			files = (
			);
			inputFileListPaths = (
			);
			inputPaths = (
				"${PODS_PODFILE_DIR_PATH}/Podfile.lock",
				"${PODS_ROOT}/Manifest.lock",
			);
			name = "[CP] Check Pods Manifest.lock";
			outputFileListPaths = (
			);
			outputPaths = (
				"$(DERIVED_FILE_DIR)/Pods-Salla-Task-Salla-TaskUITests-checkManifestLockResult.txt",
			);
			runOnlyForDeploymentPostprocessing = 0;
			shellPath = /bin/sh;
			shellScript = "diff \"${PODS_PODFILE_DIR_PATH}/Podfile.lock\" \"${PODS_ROOT}/Manifest.lock\" > /dev/null\nif [ $? != 0 ] ; then\n    # print error to STDERR\n    echo \"error: The sandbox is not in sync with the Podfile.lock. Run 'pod install' or update your CocoaPods installation.\" >&2\n    exit 1\nfi\n# This output is used by Xcode 'outputs' to avoid re-running this script phase.\necho \"SUCCESS\" > \"${SCRIPT_OUTPUT_FILE_0}\"\n";
			showEnvVarsInLog = 0;
		};
		433DA75038102F8EB0B42C79 /* [CP] Embed Pods Frameworks */ = {
			isa = PBXShellScriptBuildPhase;
			buildActionMask = 2147483647;
			files = (
			);
			inputFileListPaths = (
				"${PODS_ROOT}/Target Support Files/Pods-Salla-Task/Pods-Salla-Task-frameworks-${CONFIGURATION}-input-files.xcfilelist",
			);
			name = "[CP] Embed Pods Frameworks";
			outputFileListPaths = (
				"${PODS_ROOT}/Target Support Files/Pods-Salla-Task/Pods-Salla-Task-frameworks-${CONFIGURATION}-output-files.xcfilelist",
			);
			runOnlyForDeploymentPostprocessing = 0;
			shellPath = /bin/sh;
			shellScript = "\"${PODS_ROOT}/Target Support Files/Pods-Salla-Task/Pods-Salla-Task-frameworks.sh\"\n";
			showEnvVarsInLog = 0;
		};
		5D76C997A10C21B5B5562789 /* [CP] Check Pods Manifest.lock */ = {
			isa = PBXShellScriptBuildPhase;
			buildActionMask = 2147483647;
			files = (
			);
			inputFileListPaths = (
			);
			inputPaths = (
				"${PODS_PODFILE_DIR_PATH}/Podfile.lock",
				"${PODS_ROOT}/Manifest.lock",
			);
			name = "[CP] Check Pods Manifest.lock";
			outputFileListPaths = (
			);
			outputPaths = (
				"$(DERIVED_FILE_DIR)/Pods-Salla-Task-checkManifestLockResult.txt",
			);
			runOnlyForDeploymentPostprocessing = 0;
			shellPath = /bin/sh;
			shellScript = "diff \"${PODS_PODFILE_DIR_PATH}/Podfile.lock\" \"${PODS_ROOT}/Manifest.lock\" > /dev/null\nif [ $? != 0 ] ; then\n    # print error to STDERR\n    echo \"error: The sandbox is not in sync with the Podfile.lock. Run 'pod install' or update your CocoaPods installation.\" >&2\n    exit 1\nfi\n# This output is used by Xcode 'outputs' to avoid re-running this script phase.\necho \"SUCCESS\" > \"${SCRIPT_OUTPUT_FILE_0}\"\n";
			showEnvVarsInLog = 0;
		};
		F292E3686464CFCBCB476CDD /* [CP] Embed Pods Frameworks */ = {
			isa = PBXShellScriptBuildPhase;
			buildActionMask = 2147483647;
			files = (
			);
			inputFileListPaths = (
				"${PODS_ROOT}/Target Support Files/Pods-Salla-Task-Salla-TaskUITests/Pods-Salla-Task-Salla-TaskUITests-frameworks-${CONFIGURATION}-input-files.xcfilelist",
			);
			name = "[CP] Embed Pods Frameworks";
			outputFileListPaths = (
				"${PODS_ROOT}/Target Support Files/Pods-Salla-Task-Salla-TaskUITests/Pods-Salla-Task-Salla-TaskUITests-frameworks-${CONFIGURATION}-output-files.xcfilelist",
			);
			runOnlyForDeploymentPostprocessing = 0;
			shellPath = /bin/sh;
			shellScript = "\"${PODS_ROOT}/Target Support Files/Pods-Salla-Task-Salla-TaskUITests/Pods-Salla-Task-Salla-TaskUITests-frameworks.sh\"\n";
			showEnvVarsInLog = 0;
		};
		FDCC340DABFB8B91C8608D61 /* [CP] Check Pods Manifest.lock */ = {
			isa = PBXShellScriptBuildPhase;
			buildActionMask = 2147483647;
			files = (
			);
			inputFileListPaths = (
			);
			inputPaths = (
				"${PODS_PODFILE_DIR_PATH}/Podfile.lock",
				"${PODS_ROOT}/Manifest.lock",
			);
			name = "[CP] Check Pods Manifest.lock";
			outputFileListPaths = (
			);
			outputPaths = (
				"$(DERIVED_FILE_DIR)/Pods-Salla-TaskTests-checkManifestLockResult.txt",
			);
			runOnlyForDeploymentPostprocessing = 0;
			shellPath = /bin/sh;
			shellScript = "diff \"${PODS_PODFILE_DIR_PATH}/Podfile.lock\" \"${PODS_ROOT}/Manifest.lock\" > /dev/null\nif [ $? != 0 ] ; then\n    # print error to STDERR\n    echo \"error: The sandbox is not in sync with the Podfile.lock. Run 'pod install' or update your CocoaPods installation.\" >&2\n    exit 1\nfi\n# This output is used by Xcode 'outputs' to avoid re-running this script phase.\necho \"SUCCESS\" > \"${SCRIPT_OUTPUT_FILE_0}\"\n";
			showEnvVarsInLog = 0;
		};
/* End PBXShellScriptBuildPhase section */

/* Begin PBXSourcesBuildPhase section */
		B4B1C6332C88ECA000476C8B /* Sources */ = {
			isa = PBXSourcesBuildPhase;
			buildActionMask = 2147483647;
			files = (
				B4B1C7472C88ED1000476C8B /* APIServiceContract.swift in Sources */,
				B4B1C72E2C88ED1000476C8B /* BaseViewModel.swift in Sources */,
				B4B1C7452C88ED1000476C8B /* NetworkParameters.swift in Sources */,
				B4B1C7792C88F1C700476C8B /* Product.swift in Sources */,
				B4AE7F832C8B492C00D9AFED /* HeaderView.swift in Sources */,
				B4B1C73A2C88ED1000476C8B /* ErrorType+Message.swift in Sources */,
				B4B1C63D2C88ECA000476C8B /* ContentView.swift in Sources */,
				B4B1C72A2C88ED1000476C8B /* Date.swift in Sources */,
				B4B1C77B2C88F1E400476C8B /* Currency.swift in Sources */,
				B4B1C7442C88ED1000476C8B /* NetworkMethods.swift in Sources */,
				B4B1C7362C88ED1000476C8B /* BaseError.swift in Sources */,
				B4B1C7352C88ED1000476C8B /* CachingModel.swift in Sources */,
				B4C969E02C8E1FD0003348D1 /* RealmManagerContract.swift in Sources */,
				B4AE7F3C2C89B61000D9AFED /* BrandDetailsUsecase.swift in Sources */,
				B4B1C7422C88ED1000476C8B /* NetworkContentType.swift in Sources */,
				B4AE7F6F2C8B378C00D9AFED /* ProductDetailsViewModel.swift in Sources */,
				B4AE7F3A2C89B58E00D9AFED /* BrandDetailsUsecaseContract.swift in Sources */,
				B4B1C7332C88ED1000476C8B /* NetworkConstants.swift in Sources */,
				B4AE7F362C89B4E700D9AFED /* BrandDetailsRepositoryContract.swift in Sources */,
				B4B1C7412C88ED1000476C8B /* APIBuilder.swift in Sources */,
				B43A62302C8D846C0000932B /* ProductRealm.swift in Sources */,
				B4B1C73E2C88ED1000476C8B /* ErrorPriority.swift in Sources */,
				B4AE7F592C89E80D00D9AFED /* Publisher.swift in Sources */,
				B4B1C7382C88ED1000476C8B /* ErrorType+Code.swift in Sources */,
				B4B1C73C2C88ED1000476C8B /* ErrorType+Style.swift in Sources */,
				B4AE7F7D2C8B3ADE00D9AFED /* ProductDetailsRepository.swift in Sources */,
				B4B1C7712C88EF0C00476C8B /* BrandDetailsViewModel.swift in Sources */,
				B4B1C73D2C88ED1000476C8B /* ErrorType+Title.swift in Sources */,
				B43A62262C8C89F80000932B /* Configuration.swift in Sources */,
				B4AE7F3E2C89B69D00D9AFED /* BrandDetailsRepository.swift in Sources */,
				B4B1C7572C88ED1000476C8B /* View+Helpers.swift in Sources */,
				B4B1C7372C88ED1000476C8B /* ErrorType.swift in Sources */,
				B4B1C77D2C88F20300476C8B /* ImageModel.swift in Sources */,
				B4B1C73F2C88ED1000476C8B /* ErrorResolver.swift in Sources */,
				B4B1C7462C88ED1000476C8B /* APIService.swift in Sources */,
				B4B1C7402C88ED1000476C8B /* ErrorStyle.swift in Sources */,
				B4B1C72F2C88ED1000476C8B /* EncodableExtension.swift in Sources */,
				B4AE7F752C8B37ED00D9AFED /* ProductDetailsServiceContract.swift in Sources */,
				B4AE7F442C89BB5700D9AFED /* ProductView.swift in Sources */,
				B4B1C7392C88ED1000476C8B /* ErrorType+Icon.swift in Sources */,
				B4AE7F6D2C8B331C00D9AFED /* ProductDetailsView.swift in Sources */,
				B4B1C73B2C88ED1000476C8B /* ErrorType+Priority.swift in Sources */,
				B43A622B2C8C8A7A0000932B /* ConfigurationManager.swift in Sources */,
				B4AE7F7F2C8B3B9900D9AFED /* ProductDetailsUsecase.swift in Sources */,
				B4AE7F422C89B9B200D9AFED /* BrandDetailsRequest.swift in Sources */,
				B4B1C7292C88ED1000476C8B /* Color.swift in Sources */,
				B4B1C63B2C88ECA000476C8B /* Salla_TaskApp.swift in Sources */,
				B4C969DE2C8E1DE7003348D1 /* NetworkMonitor.swift in Sources */,
				B4AE7F812C8B441500D9AFED /* ProductDetails.swift in Sources */,
				B4B1C72C2C88ED1000476C8B /* BaseResponse.swift in Sources */,
				B4AE7F402C89B6DD00D9AFED /* BrandDetailsService.swift in Sources */,
				B43A62322C8D849E0000932B /* RealmManager.swift in Sources */,
				B4AE7F382C89B53F00D9AFED /* BrandDetailsServiceContract.swift in Sources */,
				B4B1C7302C88ED1000476C8B /* APIConstants.swift in Sources */,
				B4B1C76F2C88EEFB00476C8B /* BrandDetailsView.swift in Sources */,
				B4AE7F772C8B386100D9AFED /* ProductDetailsRepositoryContract.swift in Sources */,
				B4B1C7432C88ED1000476C8B /* NetworkHeaders.swift in Sources */,
				B4B1C7342C88ED1000476C8B /* String+Helpers.swift in Sources */,
				B4B1C72B2C88ED1000476C8B /* UIFont.swift in Sources */,
				B4AE7F7B2C8B38FD00D9AFED /* ProdcutDetailsService.swift in Sources */,
				B4AE7F272C8907A100D9AFED /* Double.swift in Sources */,
				B4AE7F792C8B38A900D9AFED /* ProductDetailsUsecaseContract.swift in Sources */,
			);
			runOnlyForDeploymentPostprocessing = 0;
		};
		B4B1C6432C88ECA200476C8B /* Sources */ = {
			isa = PBXSourcesBuildPhase;
			buildActionMask = 2147483647;
			files = (
				B43A621C2C8B5EB50000932B /* ProductDetailsRepositoryTests.swift in Sources */,
				B43A621F2C8B5EE70000932B /* MockFailureProductDetailsService.swift in Sources */,
				B4AE7F542C89E33D00D9AFED /* BrandDetailsRepositoryTests.swift in Sources */,
				B43A62222C8B62320000932B /* ProductDetailsUsecaseTests.swift in Sources */,
				B4AE7F4E2C89D4FD00D9AFED /* MockAPIService.swift in Sources */,
				B43A62242C8B63070000932B /* ProductDetailsViewModelTests.swift in Sources */,
				B4AE7F502C89D60C00D9AFED /* MockData.swift in Sources */,
				B43A62202C8B5EE70000932B /* MockValidProductDetailsService.swift in Sources */,
				B4AE7F572C89E79900D9AFED /* MockValidBrandDetailsService.swift in Sources */,
				B4AE7F5E2C8A30C100D9AFED /* BrandDetailsUsecaseTetst.swift in Sources */,
				B4AE7F5B2C89E86800D9AFED /* MockFailureBrandDetailsService.swift in Sources */,
				B43A62182C8B5D920000932B /* ProductDetailsServiceTests.swift in Sources */,
				B4AE7F612C8A33EC00D9AFED /* BrandDetailsViewModelTests.swift in Sources */,
				B4AE7F4C2C89D3A700D9AFED /* BrandDetailsServiceTest.swift in Sources */,
			);
			runOnlyForDeploymentPostprocessing = 0;
		};
		B4B1C64D2C88ECA200476C8B /* Sources */ = {
			isa = PBXSourcesBuildPhase;
			buildActionMask = 2147483647;
			files = (
				B4B1C6562C88ECA200476C8B /* Salla_TaskUITests.swift in Sources */,
				B4B1C6582C88ECA200476C8B /* Salla_TaskUITestsLaunchTests.swift in Sources */,
			);
			runOnlyForDeploymentPostprocessing = 0;
		};
/* End PBXSourcesBuildPhase section */

/* Begin PBXTargetDependency section */
		B4B1C6492C88ECA200476C8B /* PBXTargetDependency */ = {
			isa = PBXTargetDependency;
			target = B4B1C6362C88ECA000476C8B /* Salla-Task */;
			targetProxy = B4B1C6482C88ECA200476C8B /* PBXContainerItemProxy */;
		};
		B4B1C6532C88ECA200476C8B /* PBXTargetDependency */ = {
			isa = PBXTargetDependency;
			target = B4B1C6362C88ECA000476C8B /* Salla-Task */;
			targetProxy = B4B1C6522C88ECA200476C8B /* PBXContainerItemProxy */;
		};
/* End PBXTargetDependency section */

/* Begin XCBuildConfiguration section */
		B4B1C6592C88ECA200476C8B /* Debug */ = {
			isa = XCBuildConfiguration;
			buildSettings = {
				ALWAYS_SEARCH_USER_PATHS = NO;
				ASSETCATALOG_COMPILER_GENERATE_SWIFT_ASSET_SYMBOL_EXTENSIONS = YES;
				CLANG_ANALYZER_NONNULL = YES;
				CLANG_ANALYZER_NUMBER_OBJECT_CONVERSION = YES_AGGRESSIVE;
				CLANG_CXX_LANGUAGE_STANDARD = "gnu++20";
				CLANG_ENABLE_MODULES = YES;
				CLANG_ENABLE_OBJC_ARC = YES;
				CLANG_ENABLE_OBJC_WEAK = YES;
				CLANG_WARN_BLOCK_CAPTURE_AUTORELEASING = YES;
				CLANG_WARN_BOOL_CONVERSION = YES;
				CLANG_WARN_COMMA = YES;
				CLANG_WARN_CONSTANT_CONVERSION = YES;
				CLANG_WARN_DEPRECATED_OBJC_IMPLEMENTATIONS = YES;
				CLANG_WARN_DIRECT_OBJC_ISA_USAGE = YES_ERROR;
				CLANG_WARN_DOCUMENTATION_COMMENTS = YES;
				CLANG_WARN_EMPTY_BODY = YES;
				CLANG_WARN_ENUM_CONVERSION = YES;
				CLANG_WARN_INFINITE_RECURSION = YES;
				CLANG_WARN_INT_CONVERSION = YES;
				CLANG_WARN_NON_LITERAL_NULL_CONVERSION = YES;
				CLANG_WARN_OBJC_IMPLICIT_RETAIN_SELF = YES;
				CLANG_WARN_OBJC_LITERAL_CONVERSION = YES;
				CLANG_WARN_OBJC_ROOT_CLASS = YES_ERROR;
				CLANG_WARN_QUOTED_INCLUDE_IN_FRAMEWORK_HEADER = YES;
				CLANG_WARN_RANGE_LOOP_ANALYSIS = YES;
				CLANG_WARN_STRICT_PROTOTYPES = YES;
				CLANG_WARN_SUSPICIOUS_MOVE = YES;
				CLANG_WARN_UNGUARDED_AVAILABILITY = YES_AGGRESSIVE;
				CLANG_WARN_UNREACHABLE_CODE = YES;
				CLANG_WARN__DUPLICATE_METHOD_MATCH = YES;
				COPY_PHASE_STRIP = NO;
				DEBUG_INFORMATION_FORMAT = dwarf;
				ENABLE_STRICT_OBJC_MSGSEND = YES;
				ENABLE_TESTABILITY = YES;
				ENABLE_USER_SCRIPT_SANDBOXING = YES;
				GCC_C_LANGUAGE_STANDARD = gnu17;
				GCC_DYNAMIC_NO_PIC = NO;
				GCC_NO_COMMON_BLOCKS = YES;
				GCC_OPTIMIZATION_LEVEL = 0;
				GCC_PREPROCESSOR_DEFINITIONS = (
					"DEBUG=1",
					"$(inherited)",
				);
				GCC_WARN_64_TO_32_BIT_CONVERSION = YES;
				GCC_WARN_ABOUT_RETURN_TYPE = YES_ERROR;
				GCC_WARN_UNDECLARED_SELECTOR = YES;
				GCC_WARN_UNINITIALIZED_AUTOS = YES_AGGRESSIVE;
				GCC_WARN_UNUSED_FUNCTION = YES;
				GCC_WARN_UNUSED_VARIABLE = YES;
				IPHONEOS_DEPLOYMENT_TARGET = 17.4;
				LOCALIZATION_PREFERS_STRING_CATALOGS = YES;
				MTL_ENABLE_DEBUG_INFO = INCLUDE_SOURCE;
				MTL_FAST_MATH = YES;
				ONLY_ACTIVE_ARCH = YES;
				SDKROOT = iphoneos;
				SWIFT_ACTIVE_COMPILATION_CONDITIONS = "DEBUG $(inherited)";
				SWIFT_OPTIMIZATION_LEVEL = "-Onone";
			};
			name = Debug;
		};
		B4B1C65A2C88ECA200476C8B /* Release */ = {
			isa = XCBuildConfiguration;
			buildSettings = {
				ALWAYS_SEARCH_USER_PATHS = NO;
				ASSETCATALOG_COMPILER_GENERATE_SWIFT_ASSET_SYMBOL_EXTENSIONS = YES;
				CLANG_ANALYZER_NONNULL = YES;
				CLANG_ANALYZER_NUMBER_OBJECT_CONVERSION = YES_AGGRESSIVE;
				CLANG_CXX_LANGUAGE_STANDARD = "gnu++20";
				CLANG_ENABLE_MODULES = YES;
				CLANG_ENABLE_OBJC_ARC = YES;
				CLANG_ENABLE_OBJC_WEAK = YES;
				CLANG_WARN_BLOCK_CAPTURE_AUTORELEASING = YES;
				CLANG_WARN_BOOL_CONVERSION = YES;
				CLANG_WARN_COMMA = YES;
				CLANG_WARN_CONSTANT_CONVERSION = YES;
				CLANG_WARN_DEPRECATED_OBJC_IMPLEMENTATIONS = YES;
				CLANG_WARN_DIRECT_OBJC_ISA_USAGE = YES_ERROR;
				CLANG_WARN_DOCUMENTATION_COMMENTS = YES;
				CLANG_WARN_EMPTY_BODY = YES;
				CLANG_WARN_ENUM_CONVERSION = YES;
				CLANG_WARN_INFINITE_RECURSION = YES;
				CLANG_WARN_INT_CONVERSION = YES;
				CLANG_WARN_NON_LITERAL_NULL_CONVERSION = YES;
				CLANG_WARN_OBJC_IMPLICIT_RETAIN_SELF = YES;
				CLANG_WARN_OBJC_LITERAL_CONVERSION = YES;
				CLANG_WARN_OBJC_ROOT_CLASS = YES_ERROR;
				CLANG_WARN_QUOTED_INCLUDE_IN_FRAMEWORK_HEADER = YES;
				CLANG_WARN_RANGE_LOOP_ANALYSIS = YES;
				CLANG_WARN_STRICT_PROTOTYPES = YES;
				CLANG_WARN_SUSPICIOUS_MOVE = YES;
				CLANG_WARN_UNGUARDED_AVAILABILITY = YES_AGGRESSIVE;
				CLANG_WARN_UNREACHABLE_CODE = YES;
				CLANG_WARN__DUPLICATE_METHOD_MATCH = YES;
				COPY_PHASE_STRIP = NO;
				DEBUG_INFORMATION_FORMAT = "dwarf-with-dsym";
				ENABLE_NS_ASSERTIONS = NO;
				ENABLE_STRICT_OBJC_MSGSEND = YES;
				ENABLE_USER_SCRIPT_SANDBOXING = YES;
				GCC_C_LANGUAGE_STANDARD = gnu17;
				GCC_NO_COMMON_BLOCKS = YES;
				GCC_WARN_64_TO_32_BIT_CONVERSION = YES;
				GCC_WARN_ABOUT_RETURN_TYPE = YES_ERROR;
				GCC_WARN_UNDECLARED_SELECTOR = YES;
				GCC_WARN_UNINITIALIZED_AUTOS = YES_AGGRESSIVE;
				GCC_WARN_UNUSED_FUNCTION = YES;
				GCC_WARN_UNUSED_VARIABLE = YES;
				IPHONEOS_DEPLOYMENT_TARGET = 17.4;
				LOCALIZATION_PREFERS_STRING_CATALOGS = YES;
				MTL_ENABLE_DEBUG_INFO = NO;
				MTL_FAST_MATH = YES;
				SDKROOT = iphoneos;
				SWIFT_COMPILATION_MODE = wholemodule;
				VALIDATE_PRODUCT = YES;
			};
			name = Release;
		};
		B4B1C65C2C88ECA200476C8B /* Debug */ = {
			isa = XCBuildConfiguration;
			baseConfigurationReference = C9840449C11453E4D9062FD6 /* Pods-Salla-Task.debug.xcconfig */;
			buildSettings = {
				ASSETCATALOG_COMPILER_APPICON_NAME = AppIcon;
				ASSETCATALOG_COMPILER_GLOBAL_ACCENT_COLOR_NAME = AccentColor;
				CODE_SIGN_STYLE = Automatic;
				CURRENT_PROJECT_VERSION = 1;
				DEVELOPMENT_ASSET_PATHS = "\"Salla-Task/Preview Content\"";
				DEVELOPMENT_TEAM = SNUGF62YFK;
				ENABLE_PREVIEWS = YES;
				ENABLE_USER_SCRIPT_SANDBOXING = NO;
				GENERATE_INFOPLIST_FILE = YES;
				INFOPLIST_FILE = "Salla-Task/Info.plist";
				INFOPLIST_KEY_UIApplicationSceneManifest_Generation = YES;
				INFOPLIST_KEY_UIApplicationSupportsIndirectInputEvents = YES;
				INFOPLIST_KEY_UILaunchScreen_Generation = YES;
				INFOPLIST_KEY_UISupportedInterfaceOrientations_iPad = "UIInterfaceOrientationPortrait UIInterfaceOrientationPortraitUpsideDown UIInterfaceOrientationLandscapeLeft UIInterfaceOrientationLandscapeRight";
				INFOPLIST_KEY_UISupportedInterfaceOrientations_iPhone = "UIInterfaceOrientationPortrait UIInterfaceOrientationLandscapeLeft UIInterfaceOrientationLandscapeRight";
				IPHONEOS_DEPLOYMENT_TARGET = 15.0;
				LD_RUNPATH_SEARCH_PATHS = (
					"$(inherited)",
					"@executable_path/Frameworks",
				);
				MARKETING_VERSION = 1.0;
				PRODUCT_BUNDLE_IDENTIFIER = "com.salla.Salla-Task";
				PRODUCT_NAME = "$(TARGET_NAME)";
				SWIFT_EMIT_LOC_STRINGS = YES;
				SWIFT_VERSION = 5.0;
				TARGETED_DEVICE_FAMILY = "1,2";
			};
			name = Debug;
		};
		B4B1C65D2C88ECA200476C8B /* Release */ = {
			isa = XCBuildConfiguration;
			baseConfigurationReference = FD6A35DE67CC588D7FB76479 /* Pods-Salla-Task.release.xcconfig */;
			buildSettings = {
				ASSETCATALOG_COMPILER_APPICON_NAME = AppIcon;
				ASSETCATALOG_COMPILER_GLOBAL_ACCENT_COLOR_NAME = AccentColor;
				CODE_SIGN_STYLE = Automatic;
				CURRENT_PROJECT_VERSION = 1;
				DEVELOPMENT_ASSET_PATHS = "\"Salla-Task/Preview Content\"";
				DEVELOPMENT_TEAM = SNUGF62YFK;
				ENABLE_PREVIEWS = YES;
				ENABLE_USER_SCRIPT_SANDBOXING = NO;
				GENERATE_INFOPLIST_FILE = YES;
				INFOPLIST_FILE = "Salla-Task/Info.plist";
				INFOPLIST_KEY_UIApplicationSceneManifest_Generation = YES;
				INFOPLIST_KEY_UIApplicationSupportsIndirectInputEvents = YES;
				INFOPLIST_KEY_UILaunchScreen_Generation = YES;
				INFOPLIST_KEY_UISupportedInterfaceOrientations_iPad = "UIInterfaceOrientationPortrait UIInterfaceOrientationPortraitUpsideDown UIInterfaceOrientationLandscapeLeft UIInterfaceOrientationLandscapeRight";
				INFOPLIST_KEY_UISupportedInterfaceOrientations_iPhone = "UIInterfaceOrientationPortrait UIInterfaceOrientationLandscapeLeft UIInterfaceOrientationLandscapeRight";
				IPHONEOS_DEPLOYMENT_TARGET = 15.0;
				LD_RUNPATH_SEARCH_PATHS = (
					"$(inherited)",
					"@executable_path/Frameworks",
				);
				MARKETING_VERSION = 1.0;
				PRODUCT_BUNDLE_IDENTIFIER = "com.salla.Salla-Task";
				PRODUCT_NAME = "$(TARGET_NAME)";
				SWIFT_EMIT_LOC_STRINGS = YES;
				SWIFT_VERSION = 5.0;
				TARGETED_DEVICE_FAMILY = "1,2";
			};
			name = Release;
		};
		B4B1C65F2C88ECA200476C8B /* Debug */ = {
			isa = XCBuildConfiguration;
			baseConfigurationReference = 8B998EE0111EEA7D7D50172D /* Pods-Salla-TaskTests.debug.xcconfig */;
			buildSettings = {
				ALWAYS_EMBED_SWIFT_STANDARD_LIBRARIES = YES;
				BUNDLE_LOADER = "$(TEST_HOST)";
				CODE_SIGN_STYLE = Automatic;
				CURRENT_PROJECT_VERSION = 1;
				DEVELOPMENT_TEAM = SNUGF62YFK;
				ENABLE_USER_SCRIPT_SANDBOXING = NO;
				GENERATE_INFOPLIST_FILE = YES;
				IPHONEOS_DEPLOYMENT_TARGET = 17.4;
				MARKETING_VERSION = 1.0;
				PRODUCT_BUNDLE_IDENTIFIER = "com.salla.Salla-TaskTests";
				PRODUCT_NAME = "$(TARGET_NAME)";
				SWIFT_EMIT_LOC_STRINGS = NO;
				SWIFT_VERSION = 5.0;
				TARGETED_DEVICE_FAMILY = "1,2";
				TEST_HOST = "$(BUILT_PRODUCTS_DIR)/Salla-Task.app/$(BUNDLE_EXECUTABLE_FOLDER_PATH)/Salla-Task";
			};
			name = Debug;
		};
		B4B1C6602C88ECA200476C8B /* Release */ = {
			isa = XCBuildConfiguration;
			baseConfigurationReference = 987DD92D0D1D6EB607CB805E /* Pods-Salla-TaskTests.release.xcconfig */;
			buildSettings = {
				ALWAYS_EMBED_SWIFT_STANDARD_LIBRARIES = YES;
				BUNDLE_LOADER = "$(TEST_HOST)";
				CODE_SIGN_STYLE = Automatic;
				CURRENT_PROJECT_VERSION = 1;
				DEVELOPMENT_TEAM = SNUGF62YFK;
				ENABLE_USER_SCRIPT_SANDBOXING = NO;
				GENERATE_INFOPLIST_FILE = YES;
				IPHONEOS_DEPLOYMENT_TARGET = 17.4;
				MARKETING_VERSION = 1.0;
				PRODUCT_BUNDLE_IDENTIFIER = "com.salla.Salla-TaskTests";
				PRODUCT_NAME = "$(TARGET_NAME)";
				SWIFT_EMIT_LOC_STRINGS = NO;
				SWIFT_VERSION = 5.0;
				TARGETED_DEVICE_FAMILY = "1,2";
				TEST_HOST = "$(BUILT_PRODUCTS_DIR)/Salla-Task.app/$(BUNDLE_EXECUTABLE_FOLDER_PATH)/Salla-Task";
			};
			name = Release;
		};
		B4B1C6622C88ECA200476C8B /* Debug */ = {
			isa = XCBuildConfiguration;
			baseConfigurationReference = B49589409BFE529D6664E23F /* Pods-Salla-Task-Salla-TaskUITests.debug.xcconfig */;
			buildSettings = {
				ALWAYS_EMBED_SWIFT_STANDARD_LIBRARIES = YES;
				CODE_SIGN_STYLE = Automatic;
				CURRENT_PROJECT_VERSION = 1;
				DEVELOPMENT_TEAM = SNUGF62YFK;
				ENABLE_USER_SCRIPT_SANDBOXING = NO;
				GENERATE_INFOPLIST_FILE = YES;
				MARKETING_VERSION = 1.0;
				PRODUCT_BUNDLE_IDENTIFIER = "com.salla.Salla-TaskUITests";
				PRODUCT_NAME = "$(TARGET_NAME)";
				SWIFT_EMIT_LOC_STRINGS = NO;
				SWIFT_VERSION = 5.0;
				TARGETED_DEVICE_FAMILY = "1,2";
				TEST_TARGET_NAME = "Salla-Task";
			};
			name = Debug;
		};
		B4B1C6632C88ECA200476C8B /* Release */ = {
			isa = XCBuildConfiguration;
			baseConfigurationReference = E07A454FECF3DC7C55367F85 /* Pods-Salla-Task-Salla-TaskUITests.release.xcconfig */;
			buildSettings = {
				ALWAYS_EMBED_SWIFT_STANDARD_LIBRARIES = YES;
				CODE_SIGN_STYLE = Automatic;
				CURRENT_PROJECT_VERSION = 1;
				DEVELOPMENT_TEAM = SNUGF62YFK;
				ENABLE_USER_SCRIPT_SANDBOXING = NO;
				GENERATE_INFOPLIST_FILE = YES;
				MARKETING_VERSION = 1.0;
				PRODUCT_BUNDLE_IDENTIFIER = "com.salla.Salla-TaskUITests";
				PRODUCT_NAME = "$(TARGET_NAME)";
				SWIFT_EMIT_LOC_STRINGS = NO;
				SWIFT_VERSION = 5.0;
				TARGETED_DEVICE_FAMILY = "1,2";
				TEST_TARGET_NAME = "Salla-Task";
			};
			name = Release;
		};
/* End XCBuildConfiguration section */

/* Begin XCConfigurationList section */
		B4B1C6322C88ECA000476C8B /* Build configuration list for PBXProject "Salla-Task" */ = {
			isa = XCConfigurationList;
			buildConfigurations = (
				B4B1C6592C88ECA200476C8B /* Debug */,
				B4B1C65A2C88ECA200476C8B /* Release */,
			);
			defaultConfigurationIsVisible = 0;
			defaultConfigurationName = Release;
		};
		B4B1C65B2C88ECA200476C8B /* Build configuration list for PBXNativeTarget "Salla-Task" */ = {
			isa = XCConfigurationList;
			buildConfigurations = (
				B4B1C65C2C88ECA200476C8B /* Debug */,
				B4B1C65D2C88ECA200476C8B /* Release */,
			);
			defaultConfigurationIsVisible = 0;
			defaultConfigurationName = Release;
		};
		B4B1C65E2C88ECA200476C8B /* Build configuration list for PBXNativeTarget "Salla-TaskTests" */ = {
			isa = XCConfigurationList;
			buildConfigurations = (
				B4B1C65F2C88ECA200476C8B /* Debug */,
				B4B1C6602C88ECA200476C8B /* Release */,
			);
			defaultConfigurationIsVisible = 0;
			defaultConfigurationName = Release;
		};
		B4B1C6612C88ECA200476C8B /* Build configuration list for PBXNativeTarget "Salla-TaskUITests" */ = {
			isa = XCConfigurationList;
			buildConfigurations = (
				B4B1C6622C88ECA200476C8B /* Debug */,
				B4B1C6632C88ECA200476C8B /* Release */,
			);
			defaultConfigurationIsVisible = 0;
			defaultConfigurationName = Release;
		};
/* End XCConfigurationList section */
	};
	rootObject = B4B1C62F2C88ECA000476C8B /* Project object */;
}
